<?xml version="1.0" encoding="utf-8"?>
<Project ToolsVersion="4.0" xmlns="http://schemas.microsoft.com/developer/msbuild/2003">
  <ItemGroup>
    <Filter Include="Source Files">
      <Extensions>cpp;c;cc;cxx;def;odl;idl;hpj;bat;asm;asmx;*</Extensions>
      <UniqueIdentifier>{FF39F92A-78D6-4DC4-8C57-61B8235F689E}</UniqueIdentifier>
    </Filter>
    <Filter Include="Header Files">
      <Extensions>h;hpp;hxx;hm;inl;inc;xsd</Extensions>
      <UniqueIdentifier>{7D82ACC1-5CB5-4731-9F63-C6ECF120023F}</UniqueIdentifier>
    </Filter>
    <Filter Include="Resource Files">
      <Extensions>rc;ico;cur;bmp;dlg;rc2;rct;bin;rgs;gif;jpg;jpeg;jpe;resx;tiff;tif;png;wav;mfcribbon-ms;man;xml</Extensions>
      <UniqueIdentifier>{C4F65E57-AD43-415D-A828-20341B0A35CA}</UniqueIdentifier>
    </Filter>
    <Filter Include="Driver Files">
      <Extensions>inf;inv;inx;mof;mc;</Extensions>
      <UniqueIdentifier>{42E3A915-3C68-4861-986D-5BECD364D878}</UniqueIdentifier>
    </Filter>
  </ItemGroup>
  <ItemGroup>
    <MessageCompile Include="evntdrv.xml">
      <Filter>Resource Files</Filter>
    </MessageCompile>
    <ResourceCompile Include="evntdrvEvents.rc">
      <Filter>Resource Files</Filter>
    </ResourceCompile>
  </ItemGroup>
  <ItemGroup>
    <ClCompile Include="Evntdrv.c">
      <Filter>Source Files</Filter>
    </ClCompile>
  </ItemGroup>
</Project>