<?xml version="1.0" encoding="utf-8"?>
<Project ToolsVersion="4.0" xmlns="http://schemas.microsoft.com/developer/msbuild/2003">
  <ItemGroup>
    <Filter Include="Source Files">
      <Extensions>cpp;c;cc;cxx;def;odl;idl;hpj;bat;asm;asmx;*</Extensions>
      <UniqueIdentifier>{4EB0EC22-2845-4C9E-B03A-227073F198E7}</UniqueIdentifier>
    </Filter>
    <Filter Include="Header Files">
      <Extensions>h;hpp;hxx;hm;inl;inc;xsd</Extensions>
      <UniqueIdentifier>{3953E48D-12FA-4B3E-ABA3-BEE2AFF7C284}</UniqueIdentifier>
    </Filter>
    <Filter Include="Resource Files">
      <Extensions>rc;ico;cur;bmp;dlg;rc2;rct;bin;rgs;gif;jpg;jpeg;jpe;resx;tiff;tif;png;wav;mfcribbon-ms;man;xml</Extensions>
      <UniqueIdentifier>{D5A362D5-FA75-4E10-9D64-22B6CCB57052}</UniqueIdentifier>
    </Filter>
    <Filter Include="Driver Files">
      <Extensions>inf;inv;inx;mof;mc;</Extensions>
      <UniqueIdentifier>{9B77DAC7-BF0A-4BAD-B6E0-C663693F98BB}</UniqueIdentifier>
    </Filter>
  </ItemGroup>
  <ItemGroup>
    <ClCompile Include="inline_edit.c">
      <Filter>Source Files</Filter>
    </ClCompile>
    <ClCompile Include="oob_edit.c">
      <Filter>Source Files</Filter>
    </ClCompile>
    <ClCompile Include="stream_callout.c">
      <Filter>Source Files</Filter>
    </ClCompile>
  </ItemGroup>
</Project>