<?xml version="1.0" encoding="utf-8"?>
<Project ToolsVersion="4.0" xmlns="http://schemas.microsoft.com/developer/msbuild/2003">
  <ItemGroup>
    <Filter Include="Source Files">
      <Extensions>cpp;c;cc;cxx;def;odl;idl;hpj;bat;asm;asmx;*</Extensions>
      <UniqueIdentifier>{1400A9A1-2ED5-462A-A94C-FCE810F5566E}</UniqueIdentifier>
    </Filter>
    <Filter Include="Header Files">
      <Extensions>h;hpp;hxx;hm;inl;inc;xsd</Extensions>
      <UniqueIdentifier>{5BE1D83C-D225-42F8-AA81-E3E4C5A7200D}</UniqueIdentifier>
    </Filter>
    <Filter Include="Resource Files">
      <Extensions>rc;ico;cur;bmp;dlg;rc2;rct;bin;rgs;gif;jpg;jpeg;jpe;resx;tiff;tif;png;wav;mfcribbon-ms;man;xml</Extensions>
      <UniqueIdentifier>{29F75A8E-F140-40BB-A154-FCC5F6584668}</UniqueIdentifier>
    </Filter>
    <Filter Include="Driver Files">
      <Extensions>inf;inv;inx;mof;mc;</Extensions>
      <UniqueIdentifier>{EA1725C9-0F85-48DD-8BB8-7234C2DDF3FA}</UniqueIdentifier>
    </Filter>
  </ItemGroup>
  <ItemGroup>
    <ClCompile Include="autorun.c">
      <Filter>Source Files</Filter>
    </ClCompile>
    <ClCompile Include="class.c">
      <Filter>Source Files</Filter>
    </ClCompile>
    <ClCompile Include="classwmi.c">
      <Filter>Source Files</Filter>
    </ClCompile>
    <ClCompile Include="clntirp.c">
      <Filter>Source Files</Filter>
    </ClCompile>
    <ClCompile Include="create.c">
      <Filter>Source Files</Filter>
    </ClCompile>
    <ClCompile Include="data.c">
      <Filter>Source Files</Filter>
    </ClCompile>
    <ClCompile Include="debug.c">
      <Filter>Source Files</Filter>
    </ClCompile>
    <ClCompile Include="dictlib.c">
      <Filter>Source Files</Filter>
    </ClCompile>
    <ClCompile Include="dispatch.c">
      <Filter>Source Files</Filter>
    </ClCompile>
    <ClCompile Include="history.c">
      <Filter>Source Files</Filter>
    </ClCompile>
    <ClCompile Include="lock.c">
      <Filter>Source Files</Filter>
    </ClCompile>
    <ClCompile Include="obsolete.c">
      <Filter>Source Files</Filter>
    </ClCompile>
    <ClCompile Include="power.c">
      <Filter>Source Files</Filter>
    </ClCompile>
    <ClCompile Include="retry.c">
      <Filter>Source Files</Filter>
    </ClCompile>
    <ClCompile Include="srblib.c">
      <Filter>Source Files</Filter>
    </ClCompile>
    <ClCompile Include="utils.c">
      <Filter>Source Files</Filter>
    </ClCompile>
    <ClCompile Include="xferpkt.c">
      <Filter>Source Files</Filter>
    </ClCompile>
    <None Include="class.def">
      <Filter>Source Files</Filter>
    </None>
  </ItemGroup>
  <ItemGroup>
    <MofComp Include="classlog.mof">
      <Filter>Driver Files</Filter>
    </MofComp>
  </ItemGroup>
  <ItemGroup>
    <ResourceCompile Include="class.rc">
      <Filter>Resource Files</Filter>
    </ResourceCompile>
  </ItemGroup>
</Project>