<?xml version="1.0" encoding="utf-8"?>
<Project ToolsVersion="4.0" xmlns="http://schemas.microsoft.com/developer/msbuild/2003">
  <ItemGroup>
    <Filter Include="Source Files">
      <Extensions>cpp;c;cc;cxx;def;odl;idl;hpj;bat;asm;asmx;*</Extensions>
      <UniqueIdentifier>{149057E1-1BB6-43A6-8760-824CA3861F1D}</UniqueIdentifier>
    </Filter>
    <Filter Include="Header Files">
      <Extensions>h;hpp;hxx;hm;inl;inc;xsd</Extensions>
      <UniqueIdentifier>{A9A3E7C6-26AD-4B64-B75B-B1BCF262750C}</UniqueIdentifier>
    </Filter>
    <Filter Include="Resource Files">
      <Extensions>rc;ico;cur;bmp;dlg;rc2;rct;bin;rgs;gif;jpg;jpeg;jpe;resx;tiff;tif;png;wav;mfcribbon-ms;man;xml</Extensions>
      <UniqueIdentifier>{39C916B8-B030-41D4-A3C1-4EFD5E0D83F7}</UniqueIdentifier>
    </Filter>
    <Filter Include="Driver Files">
      <Extensions>inf;inv;inx;mof;mc;</Extensions>
      <UniqueIdentifier>{297888D3-E8F6-4472-8CCA-71D8D1E66B79}</UniqueIdentifier>
    </Filter>
  </ItemGroup>
  <ItemGroup>
    <FilesToPackage Include=".\Debug\\mars.inf">
      <Filter>Driver Files</Filter>
    </FilesToPackage>
    <Inf Include=".\mars.inx">
      <Filter>Driver Files</Filter>
    </Inf>
  </ItemGroup>
  <ItemGroup>
    <ClCompile Include="mars.c">
      <Filter>Source Files</Filter>
    </ClCompile>
  </ItemGroup>
</Project>