
Microsoft Visual Studio Solution File, Format Version 12.00
# Visual Studio 2013
VisualStudioVersion = 12.0
MinimumVisualStudioVersion = 12.0
Project("{2150E333-8FDC-42A3-9474-1A3956D46DE8}") = "Lib", "Lib", "{545BC71C-BF98-4C12-AA8C-F9724AB15784}"
EndProject
Project("{2150E333-8FDC-42A3-9474-1A3956D46DE8}") = "App", "App", "{05844338-5178-4ED8-ABDC-E3645F51C376}"
EndProject
Project("{2150E333-8FDC-42A3-9474-1A3956D46DE8}") = "Driver", "Driver", "{484B7AA0-E373-45FD-8FA2-C666B5167541}"
EndProject
Project("{2150E333-8FDC-42A3-9474-1A3956D46DE8}") = "Sauron", "Sauron", "{5BD593E2-4D86-42E8-8C4D-9079143C9D8A}"
EndProject
Project("{8BC9CEB8-8B4A-11D0-8D11-00A0C91BC942}") = "Luminous", "lib\Luminous.vcxproj", "{2CA2838E-CE8B-4506-80B3-AAB7F19A3AD1}"
EndProject
Project("{8BC9CEB8-8B4A-11D0-8D11-00A0C91BC942}") = "flicker", "app\flicker.vcxproj", "{BB81C655-EEF5-434F-BB2A-4B8D1358ECE4}"
	ProjectSection(ProjectDependencies) = postProject
		{2CA2838E-CE8B-4506-80B3-AAB7F19A3AD1} = {2CA2838E-CE8B-4506-80B3-AAB7F19A3AD1}
	EndProjectSection
EndProject
Project("{8BC9CEB8-8B4A-11D0-8D11-00A0C91BC942}") = "firefly", "driver\firefly.vcxproj", "{FF968AD9-B8FF-450D-93A0-4CC5AC2B49B5}"
EndProject
Project("{8BC9CEB8-8B4A-11D0-8D11-00A0C91BC942}") = "SAURON", "sauron\SAURON.vcxproj", "{571518A8-F812-42E0-A538-31183C3ED059}"
	ProjectSection(ProjectDependencies) = postProject
		{2CA2838E-CE8B-4506-80B3-AAB7F19A3AD1} = {2CA2838E-CE8B-4506-80B3-AAB7F19A3AD1}
	EndProjectSection
EndProject
Global
	GlobalSection(SolutionConfigurationPlatforms) = preSolution
		Debug|ARM64 = Debug|ARM64
		Release|ARM64 = Release|ARM64
		Debug|x64 = Debug|x64
		Release|x64 = Release|x64
	EndGlobalSection
	GlobalSection(ProjectConfigurationPlatforms) = postSolution
		{2CA2838E-CE8B-4506-80B3-AAB7F19A3AD1}.Debug|ARM64.ActiveCfg = Debug|ARM64
		{2CA2838E-CE8B-4506-80B3-AAB7F19A3AD1}.Debug|ARM64.Build.0 = Debug|ARM64
		{BB81C655-EEF5-434F-BB2A-4B8D1358ECE4}.Debug|ARM64.ActiveCfg = Debug|ARM64
		{BB81C655-EEF5-434F-BB2A-4B8D1358ECE4}.Debug|ARM64.Build.0 = Debug|ARM64
		{FF968AD9-B8FF-450D-93A0-4CC5AC2B49B5}.Debug|ARM64.ActiveCfg = Debug|ARM64
		{FF968AD9-B8FF-450D-93A0-4CC5AC2B49B5}.Debug|ARM64.Build.0 = Debug|ARM64
		{571518A8-F812-42E0-A538-31183C3ED059}.Debug|ARM64.ActiveCfg = Debug|ARM64
		{571518A8-F812-42E0-A538-31183C3ED059}.Debug|ARM64.Build.0 = Debug|ARM64
		{2CA2838E-CE8B-4506-80B3-AAB7F19A3AD1}.Release|ARM64.ActiveCfg = Release|ARM64
		{2CA2838E-CE8B-4506-80B3-AAB7F19A3AD1}.Release|ARM64.Build.0 = Release|ARM64
		{BB81C655-EEF5-434F-BB2A-4B8D1358ECE4}.Release|ARM64.ActiveCfg = Release|ARM64
		{BB81C655-EEF5-434F-BB2A-4B8D1358ECE4}.Release|ARM64.Build.0 = Release|ARM64
		{FF968AD9-B8FF-450D-93A0-4CC5AC2B49B5}.Release|ARM64.ActiveCfg = Release|ARM64
		{FF968AD9-B8FF-450D-93A0-4CC5AC2B49B5}.Release|ARM64.Build.0 = Release|ARM64
		{571518A8-F812-42E0-A538-31183C3ED059}.Release|ARM64.ActiveCfg = Release|ARM64
		{571518A8-F812-42E0-A538-31183C3ED059}.Release|ARM64.Build.0 = Release|ARM64
		{2CA2838E-CE8B-4506-80B3-AAB7F19A3AD1}.Debug|x64.ActiveCfg = Debug|x64
		{2CA2838E-CE8B-4506-80B3-AAB7F19A3AD1}.Debug|x64.Build.0 = Debug|x64
		{2CA2838E-CE8B-4506-80B3-AAB7F19A3AD1}.Release|x64.ActiveCfg = Release|x64
		{2CA2838E-CE8B-4506-80B3-AAB7F19A3AD1}.Release|x64.Build.0 = Release|x64
		{BB81C655-EEF5-434F-BB2A-4B8D1358ECE4}.Debug|x64.ActiveCfg = Debug|x64
		{BB81C655-EEF5-434F-BB2A-4B8D1358ECE4}.Debug|x64.Build.0 = Debug|x64
		{BB81C655-EEF5-434F-BB2A-4B8D1358ECE4}.Release|x64.ActiveCfg = Release|x64
		{BB81C655-EEF5-434F-BB2A-4B8D1358ECE4}.Release|x64.Build.0 = Release|x64
		{FF968AD9-B8FF-450D-93A0-4CC5AC2B49B5}.Debug|x64.ActiveCfg = Debug|x64
		{FF968AD9-B8FF-450D-93A0-4CC5AC2B49B5}.Debug|x64.Build.0 = Debug|x64
		{FF968AD9-B8FF-450D-93A0-4CC5AC2B49B5}.Release|x64.ActiveCfg = Release|x64
		{FF968AD9-B8FF-450D-93A0-4CC5AC2B49B5}.Release|x64.Build.0 = Release|x64
		{571518A8-F812-42E0-A538-31183C3ED059}.Debug|x64.ActiveCfg = Debug|x64
		{571518A8-F812-42E0-A538-31183C3ED059}.Debug|x64.Build.0 = Debug|x64
		{571518A8-F812-42E0-A538-31183C3ED059}.Release|x64.ActiveCfg = Release|x64
		{571518A8-F812-42E0-A538-31183C3ED059}.Release|x64.Build.0 = Release|x64
	EndGlobalSection
	GlobalSection(SolutionProperties) = preSolution
		HideSolutionNode = FALSE
	EndGlobalSection
	GlobalSection(NestedProjects) = preSolution
		{2CA2838E-CE8B-4506-80B3-AAB7F19A3AD1} = {545BC71C-BF98-4C12-AA8C-F9724AB15784}
		{BB81C655-EEF5-434F-BB2A-4B8D1358ECE4} = {05844338-5178-4ED8-ABDC-E3645F51C376}
		{FF968AD9-B8FF-450D-93A0-4CC5AC2B49B5} = {484B7AA0-E373-45FD-8FA2-C666B5167541}
		{571518A8-F812-42E0-A538-31183C3ED059} = {5BD593E2-4D86-42E8-8C4D-9079143C9D8A}
	EndGlobalSection
EndGlobal
