<?xml version="1.0" encoding="utf-8"?>
<Project ToolsVersion="4.0" xmlns="http://schemas.microsoft.com/developer/msbuild/2003">
  <ItemGroup>
    <Filter Include="Source Files">
      <Extensions>cpp;c;cc;cxx;def;odl;idl;hpj;bat;asm;asmx;*</Extensions>
      <UniqueIdentifier>{5f4ff11d-7a0b-4f75-9d79-744ae028cc53}</UniqueIdentifier>
    </Filter>
    <Filter Include="Header Files">
      <Extensions>h;hpp;hxx;hm;inl;inc;xsd</Extensions>
      <UniqueIdentifier>{bd103b81-05b2-440e-84e7-0723d7fe4109}</UniqueIdentifier>
    </Filter>
    <Filter Include="Resource Files">
      <Extensions>rc;ico;cur;bmp;dlg;rc2;rct;bin;rgs;gif;jpg;jpeg;jpe;resx;tiff;tif;png;wav;mfcribbon-ms;man;xml</Extensions>
      <UniqueIdentifier>{a57b6b78-38ae-4348-ade3-0200e81a3dd7}</UniqueIdentifier>
    </Filter>
  </ItemGroup>
  <ItemGroup>
    <ClCompile Include="Delay.cpp">
      <Filter>Source Files</Filter>
    </ClCompile>
    <ClCompile Include="DelayAPODll.cpp">
      <Filter>Source Files</Filter>
    </ClCompile>
    <ClCompile Include="DelayAPOMFX.cpp">
      <Filter>Source Files</Filter>
    </ClCompile>
    <ClCompile Include="DelayAPOSFX.cpp">
      <Filter>Source Files</Filter>
    </ClCompile>
    <Midl Include="DelayAPODll.idl">
      <Filter>Source Files</Filter>
    </Midl>
    <Midl Include="DelayAPOInterface.idl">
      <Filter>Source Files</Filter>
    </Midl>
  </ItemGroup>
  <ItemGroup>
    <ResourceCompile Include="DelayAPODll.rc">
      <Filter>Resource Files</Filter>
    </ResourceCompile>
  </ItemGroup>
  <ItemGroup>
    <ClInclude Include="Resource.h">
      <Filter>Header Files</Filter>
    </ClInclude>
    <ClInclude Include="DelayAPO.h" />
    <ClInclude Include="Resource.h">
      <Filter>Header Files</Filter>
    </ClInclude>
    <ClInclude Include="DelayAPO.h" />
  </ItemGroup>
  <ItemGroup>
    <None Include="*.ico;*.cur;*.bmp;*.dlg;*.rct;*.gif;*.jpg;*.jpeg;*.wav;*.jpe;*.tiff;*.tif;*.png;*.rc2">
      <Filter>Resource Files</Filter>
    </None>
    <None Include="*.def;*.bat;*.hpj;*.asmx">
      <Filter>Source Files</Filter>
    </None>
  </ItemGroup>
</Project>