<?xml version="1.0" encoding="utf-8"?>
<Project ToolsVersion="4.0" xmlns="http://schemas.microsoft.com/developer/msbuild/2003">
  <ItemGroup>
    <Filter Include="Source Files">
      <Extensions>cpp;c;cc;cxx;def;odl;idl;hpj;bat;asm;asmx;*</Extensions>
      <UniqueIdentifier>{5B33A1A5-0088-41DD-B8DD-CB322223AFD2}</UniqueIdentifier>
    </Filter>
    <Filter Include="Header Files">
      <Extensions>h;hpp;hxx;hm;inl;inc;xsd</Extensions>
      <UniqueIdentifier>{5E63DCDC-A400-4A86-8C33-C6C83D50CC49}</UniqueIdentifier>
    </Filter>
    <Filter Include="Resource Files">
      <Extensions>rc;ico;cur;bmp;dlg;rc2;rct;bin;rgs;gif;jpg;jpeg;jpe;resx;tiff;tif;png;wav;mfcribbon-ms;man;xml</Extensions>
      <UniqueIdentifier>{F97C10AC-837D-4657-B682-DD6E00ADE8A6}</UniqueIdentifier>
    </Filter>
    <Filter Include="Driver Files">
      <Extensions>inf;inv;inx;mof;mc;</Extensions>
      <UniqueIdentifier>{E7563CE1-E6A4-4746-87FA-4C8E3981C313}</UniqueIdentifier>
    </Filter>
  </ItemGroup>
  <ItemGroup>
    <ClCompile Include="bulkrwr.c">
      <Filter>Source Files</Filter>
    </ClCompile>
    <ClCompile Include="device.c">
      <Filter>Source Files</Filter>
    </ClCompile>
    <ClCompile Include="driver.c">
      <Filter>Source Files</Filter>
    </ClCompile>
    <ClCompile Include="Interrupt.c">
      <Filter>Source Files</Filter>
    </ClCompile>
    <ClCompile Include="ioctl.c">
      <Filter>Source Files</Filter>
    </ClCompile>
  </ItemGroup>
  <ItemGroup>
    <MessageCompile Include="osrusbfx2.man">
      <Filter>Resource Files</Filter>
    </MessageCompile>
    <ResourceCompile Include="osrusbfx2.rc">
      <Filter>Resource Files</Filter>
    </ResourceCompile>
  </ItemGroup>
</Project>