
Microsoft Visual Studio Solution File, Format Version 12.00
# Visual Studio Version 17
VisualStudioVersion = 17.4.33213.308
MinimumVisualStudioVersion = 12.0
Project("{2150E333-8FDC-42A3-9474-1A3956D46DE8}") = "60", "60", "{09F8A71E-BD45-42F5-8CB5-82F137773350}"
EndProject
Project("{2150E333-8FDC-42A3-9474-1A3956D46DE8}") = "Sys", "Sys", "{40B41B7C-63E0-4BEC-9BF6-2AE9002E0670}"
EndProject
Project("{2150E333-8FDC-42A3-9474-1A3956D46DE8}") = "630", "630", "{7B0AA49C-0A8C-4EED-8ACE-1A80EC2E5AEB}"
EndProject
Project("{2150E333-8FDC-42A3-9474-1A3956D46DE8}") = "Test", "Test", "{20D7328F-9929-4D3A-BC1D-08E2442A929D}"
EndProject
Project("{8BC9CEB8-8B4A-11D0-8D11-00A0C91BC942}") = "ndisprot60", "sys\60\ndisprot60.vcxproj", "{F27914B8-F3D9-4164-BF33-42BBFA19AED4}"
EndProject
Project("{8BC9CEB8-8B4A-11D0-8D11-00A0C91BC942}") = "ndisprot630", "sys\630\ndisprot630.vcxproj", "{C0748EAB-F425-488A-9F39-77D5DE2DD251}"
EndProject
Project("{8BC9CEB8-8B4A-11D0-8D11-00A0C91BC942}") = "prottest", "test\prottest.vcxproj", "{34A953AA-28CB-472E-B438-1BE26FDF1D54}"
EndProject
Global
	GlobalSection(SolutionConfigurationPlatforms) = preSolution
		Debug|ARM64 = Debug|ARM64
		Release|ARM64 = Release|ARM64
		Debug|x64 = Debug|x64
		Release|x64 = Release|x64
	EndGlobalSection
	GlobalSection(ProjectConfigurationPlatforms) = postSolution
		{F27914B8-F3D9-4164-BF33-42BBFA19AED4}.Debug|ARM64.ActiveCfg = Debug|ARM64
		{F27914B8-F3D9-4164-BF33-42BBFA19AED4}.Debug|ARM64.Build.0 = Debug|ARM64
		{C0748EAB-F425-488A-9F39-77D5DE2DD251}.Debug|ARM64.ActiveCfg = Debug|ARM64
		{C0748EAB-F425-488A-9F39-77D5DE2DD251}.Debug|ARM64.Build.0 = Debug|ARM64
		{34A953AA-28CB-472E-B438-1BE26FDF1D54}.Debug|ARM64.ActiveCfg = Debug|ARM64
		{34A953AA-28CB-472E-B438-1BE26FDF1D54}.Debug|ARM64.Build.0 = Debug|ARM64
		{F27914B8-F3D9-4164-BF33-42BBFA19AED4}.Release|ARM64.ActiveCfg = Release|ARM64
		{F27914B8-F3D9-4164-BF33-42BBFA19AED4}.Release|ARM64.Build.0 = Release|ARM64
		{C0748EAB-F425-488A-9F39-77D5DE2DD251}.Release|ARM64.ActiveCfg = Release|ARM64
		{C0748EAB-F425-488A-9F39-77D5DE2DD251}.Release|ARM64.Build.0 = Release|ARM64
		{34A953AA-28CB-472E-B438-1BE26FDF1D54}.Release|ARM64.ActiveCfg = Release|ARM64
		{34A953AA-28CB-472E-B438-1BE26FDF1D54}.Release|ARM64.Build.0 = Release|ARM64
		{F27914B8-F3D9-4164-BF33-42BBFA19AED4}.Debug|x64.ActiveCfg = Debug|x64
		{F27914B8-F3D9-4164-BF33-42BBFA19AED4}.Debug|x64.Build.0 = Debug|x64
		{F27914B8-F3D9-4164-BF33-42BBFA19AED4}.Release|x64.ActiveCfg = Release|x64
		{F27914B8-F3D9-4164-BF33-42BBFA19AED4}.Release|x64.Build.0 = Release|x64
		{C0748EAB-F425-488A-9F39-77D5DE2DD251}.Debug|x64.ActiveCfg = Debug|x64
		{C0748EAB-F425-488A-9F39-77D5DE2DD251}.Debug|x64.Build.0 = Debug|x64
		{C0748EAB-F425-488A-9F39-77D5DE2DD251}.Release|x64.ActiveCfg = Release|x64
		{C0748EAB-F425-488A-9F39-77D5DE2DD251}.Release|x64.Build.0 = Release|x64
		{34A953AA-28CB-472E-B438-1BE26FDF1D54}.Debug|x64.ActiveCfg = Debug|x64
		{34A953AA-28CB-472E-B438-1BE26FDF1D54}.Debug|x64.Build.0 = Debug|x64
		{34A953AA-28CB-472E-B438-1BE26FDF1D54}.Release|x64.ActiveCfg = Release|x64
		{34A953AA-28CB-472E-B438-1BE26FDF1D54}.Release|x64.Build.0 = Release|x64
	EndGlobalSection
	GlobalSection(SolutionProperties) = preSolution
		HideSolutionNode = FALSE
	EndGlobalSection
	GlobalSection(NestedProjects) = preSolution
		{09F8A71E-BD45-42F5-8CB5-82F137773350} = {40B41B7C-63E0-4BEC-9BF6-2AE9002E0670}
		{7B0AA49C-0A8C-4EED-8ACE-1A80EC2E5AEB} = {20D7328F-9929-4D3A-BC1D-08E2442A929D}
		{F27914B8-F3D9-4164-BF33-42BBFA19AED4} = {09F8A71E-BD45-42F5-8CB5-82F137773350}
		{C0748EAB-F425-488A-9F39-77D5DE2DD251} = {7B0AA49C-0A8C-4EED-8ACE-1A80EC2E5AEB}
		{34A953AA-28CB-472E-B438-1BE26FDF1D54} = {20D7328F-9929-4D3A-BC1D-08E2442A929D}
	EndGlobalSection
	GlobalSection(ExtensibilityGlobals) = postSolution
		SolutionGuid = {2A8BDEF4-DEBC-4BDD-A1E5-F767E2EC8D5B}
	EndGlobalSection
EndGlobal
