<?xml version="1.0" encoding="utf-8"?>
<Project ToolsVersion="4.0" xmlns="http://schemas.microsoft.com/developer/msbuild/2003">
  <ItemGroup>
    <Filter Include="Source Files">
      <Extensions>cpp;c;cc;cxx;def;odl;idl;hpj;bat;asm;asmx;*</Extensions>
      <UniqueIdentifier>{BE7F4E72-895A-4B10-AED0-F7E2DA352886}</UniqueIdentifier>
    </Filter>
    <Filter Include="Header Files">
      <Extensions>h;hpp;hxx;hm;inl;inc;xsd</Extensions>
      <UniqueIdentifier>{8B40F3CB-A605-4B5A-847F-9AAF83A28B5E}</UniqueIdentifier>
    </Filter>
    <Filter Include="Resource Files">
      <Extensions>rc;ico;cur;bmp;dlg;rc2;rct;bin;rgs;gif;jpg;jpeg;jpe;resx;tiff;tif;png;wav;mfcribbon-ms;man;xml</Extensions>
      <UniqueIdentifier>{577EA8D3-BCBF-4CCC-9F9F-73F6A6E3D3DF}</UniqueIdentifier>
    </Filter>
  </ItemGroup>
  <ItemGroup>
    <ClCompile Include="dllentry.cpp">
      <Filter>Source Files</Filter>
    </ClCompile>
    <ClCompile Include="nupflt.cpp">
      <Filter>Source Files</Filter>
    </ClCompile>
    <ClCompile Include="nuppage.cpp">
      <Filter>Source Files</Filter>
    </ClCompile>
    <ClCompile Include="nupsax.cpp">
      <Filter>Source Files</Filter>
    </ClCompile>
    <ClCompile Include="nuptprps.cpp">
      <Filter>Source Files</Filter>
    </ClCompile>
    <ClCompile Include="nupxform.cpp">
      <Filter>Source Files</Filter>
    </ClCompile>
    <ClCompile Include="precompsrc.cpp">
      <Filter>Source Files</Filter>
    </ClCompile>
    <None Include="xdnup.def">
      <Filter>Source Files</Filter>
    </None>
  </ItemGroup>
  <ItemGroup>
    <ResourceCompile Include="nupflt.rc">
      <Filter>Resource Files</Filter>
    </ResourceCompile>
  </ItemGroup>
</Project>