<?xml version="1.0" encoding="utf-8"?>
<Project ToolsVersion="4.0" xmlns="http://schemas.microsoft.com/developer/msbuild/2003">
  <ItemGroup>
    <Filter Include="Source Files">
      <Extensions>cpp;c;cc;cxx;def;odl;idl;hpj;bat;asm;asmx;*</Extensions>
      <UniqueIdentifier>{60D1BC26-8429-4B71-B0A4-A09C81AA9006}</UniqueIdentifier>
    </Filter>
    <Filter Include="Header Files">
      <Extensions>h;hpp;hxx;hm;inl;inc;xsd</Extensions>
      <UniqueIdentifier>{C5B761C0-3390-4C0D-92B3-296CBE739D12}</UniqueIdentifier>
    </Filter>
    <Filter Include="Resource Files">
      <Extensions>rc;ico;cur;bmp;dlg;rc2;rct;bin;rgs;gif;jpg;jpeg;jpe;resx;tiff;tif;png;wav;mfcribbon-ms;man;xml</Extensions>
      <UniqueIdentifier>{2837E1B4-FB49-43C4-B0DA-0459E959F944}</UniqueIdentifier>
    </Filter>
    <Filter Include="Driver Files">
      <Extensions>inf;inv;inx;mof;mc;</Extensions>
      <UniqueIdentifier>{78CC6DBE-CEE8-4DB1-BD8D-4C3C3551030A}</UniqueIdentifier>
    </Filter>
  </ItemGroup>
  <ItemGroup>
    <ClCompile Include="..\adapter.c">
      <Filter>Source Files</Filter>
    </ClCompile>
    <ClCompile Include="..\ctrlpath.c">
      <Filter>Source Files</Filter>
    </ClCompile>
    <ClCompile Include="..\datapath.c">
      <Filter>Source Files</Filter>
    </ClCompile>
    <ClCompile Include="..\miniport.c">
      <Filter>Source Files</Filter>
    </ClCompile>
    <ClCompile Include="..\mphal.c">
      <Filter>Source Files</Filter>
    </ClCompile>
    <ClCompile Include="..\tcbrcb.c">
      <Filter>Source Files</Filter>
    </ClCompile>
  </ItemGroup>
  <ItemGroup>
    <ResourceCompile Include="netvmini60.rc">
      <Filter>Resource Files</Filter>
    </ResourceCompile>
  </ItemGroup>
</Project>