<?xml version="1.0" encoding="utf-8"?>
<Project ToolsVersion="4.0" xmlns="http://schemas.microsoft.com/developer/msbuild/2003">
  <ItemGroup>
    <Filter Include="Source Files">
      <Extensions>cpp;c;cc;cxx;def;odl;idl;hpj;bat;asm;asmx;*</Extensions>
      <UniqueIdentifier>{8262BA1D-7108-4104-949F-865D05666127}</UniqueIdentifier>
    </Filter>
    <Filter Include="Header Files">
      <Extensions>h;hpp;hxx;hm;inl;inc;xsd</Extensions>
      <UniqueIdentifier>{1AFDB572-ED64-40CA-9AB7-020E47C3489D}</UniqueIdentifier>
    </Filter>
    <Filter Include="Resource Files">
      <Extensions>rc;ico;cur;bmp;dlg;rc2;rct;bin;rgs;gif;jpg;jpeg;jpe;resx;tiff;tif;png;wav;mfcribbon-ms;man;xml</Extensions>
      <UniqueIdentifier>{CE5B8EAF-CC06-4B59-9BC0-2C3A29D3CCDC}</UniqueIdentifier>
    </Filter>
    <Filter Include="Driver Files">
      <Extensions>inf;inv;inx;mof;mc;</Extensions>
      <UniqueIdentifier>{753BD939-F310-44FF-9240-B67FF5C8417C}</UniqueIdentifier>
    </Filter>
  </ItemGroup>
  <ItemGroup>
    <ClCompile Include="..\adapter.c">
      <Filter>Source Files</Filter>
    </ClCompile>
    <ClCompile Include="..\ctrlpath.c">
      <Filter>Source Files</Filter>
    </ClCompile>
    <ClCompile Include="..\datapath.c">
      <Filter>Source Files</Filter>
    </ClCompile>
    <ClCompile Include="..\miniport.c">
      <Filter>Source Files</Filter>
    </ClCompile>
    <ClCompile Include="..\mphal.c">
      <Filter>Source Files</Filter>
    </ClCompile>
    <ClCompile Include="..\tcbrcb.c">
      <Filter>Source Files</Filter>
    </ClCompile>
  </ItemGroup>
  <ItemGroup>
    <ResourceCompile Include="netvmini60.rc">
      <Filter>Resource Files</Filter>
    </ResourceCompile>
  </ItemGroup>
</Project>