<?xml version="1.0" encoding="utf-8"?>
<Project ToolsVersion="4.0" xmlns="http://schemas.microsoft.com/developer/msbuild/2003">
  <ItemGroup>
    <Filter Include="Source Files">
      <Extensions>cpp;c;cc;cxx;def;odl;idl;hpj;bat;asm;asmx;*</Extensions>
      <UniqueIdentifier>{7EB6DC3A-11A4-48F2-9730-419C9A104242}</UniqueIdentifier>
    </Filter>
    <Filter Include="Header Files">
      <Extensions>h;hpp;hxx;hm;inl;inc;xsd</Extensions>
      <UniqueIdentifier>{2AAA41D4-E19E-409F-87C1-EA4C640F0BAA}</UniqueIdentifier>
    </Filter>
    <Filter Include="Resource Files">
      <Extensions>rc;ico;cur;bmp;dlg;rc2;rct;bin;rgs;gif;jpg;jpeg;jpe;resx;tiff;tif;png;wav;mfcribbon-ms;man;xml</Extensions>
      <UniqueIdentifier>{9FEF86B3-6289-44F6-B036-2C15E61CDDDE}</UniqueIdentifier>
    </Filter>
    <Filter Include="Driver Files">
      <Extensions>inf;inv;inx;mof;mc;</Extensions>
      <UniqueIdentifier>{A832F7F9-C73F-4032-83DF-1CA14DE6C0FF}</UniqueIdentifier>
    </Filter>
  </ItemGroup>
  <ItemGroup>
    <FilesToPackage Include=".\Debug\\pscr.inf">
      <Filter>Driver Files</Filter>
    </FilesToPackage>
    <Inf Include=".\pscr.inx">
      <Filter>Driver Files</Filter>
    </Inf>
    <MessageCompile Include="PscrLog.mc">
      <Filter>Driver Files</Filter>
    </MessageCompile>
  </ItemGroup>
  <ItemGroup>
    <ClCompile Include="PscrCB.c">
      <Filter>Source Files</Filter>
    </ClCompile>
    <ClCompile Include="PscrCmd.c">
      <Filter>Source Files</Filter>
    </ClCompile>
    <ClCompile Include="PscrNT.c">
      <Filter>Source Files</Filter>
    </ClCompile>
    <ClCompile Include="PscrRdWr.c">
      <Filter>Source Files</Filter>
    </ClCompile>
  </ItemGroup>
  <ItemGroup>
    <ResourceCompile Include="pscr.rc">
      <Filter>Resource Files</Filter>
    </ResourceCompile>
  </ItemGroup>
</Project>