
Microsoft Visual Studio Solution File, Format Version 12.00
# Visual Studio 2013
VisualStudioVersion = 12.0
MinimumVisualStudioVersion = 12.0
Project("{2150E333-8FDC-42A3-9474-1A3956D46DE8}") = "Driver", "Driver", "{F924DB5A-7B7A-4820-9655-EA130F950DDD}"
EndProject
Project("{2150E333-8FDC-42A3-9474-1A3956D46DE8}") = "Exe", "Exe", "{F1ED8451-410E-44B1-B022-9A0D953267B6}"
EndProject
Project("{8BC9CEB8-8B4A-11D0-8D11-00A0C91BC942}") = "NetNfpProvider", "driver\NetNfpProvider.vcxproj", "{16A16D6D-A997-45E1-AE41-A75FF2F9A731}"
EndProject
Project("{8BC9CEB8-8B4A-11D0-8D11-00A0C91BC942}") = "NetNfpControl", "exe\NetNfpControl.vcxproj", "{C7F26FB2-DD29-465A-9C48-1165150B6E65}"
EndProject
Global
	GlobalSection(SolutionConfigurationPlatforms) = preSolution
		Debug|Win32 = Debug|Win32
		Release|Win32 = Release|Win32
		Debug|x64 = Debug|x64
		Release|x64 = Release|x64
	EndGlobalSection
	GlobalSection(ProjectConfigurationPlatforms) = postSolution
		{16A16D6D-A997-45E1-AE41-A75FF2F9A731}.Debug|Win32.ActiveCfg = Debug|Win32
		{16A16D6D-A997-45E1-AE41-A75FF2F9A731}.Debug|Win32.Build.0 = Debug|Win32
		{16A16D6D-A997-45E1-AE41-A75FF2F9A731}.Release|Win32.ActiveCfg = Release|Win32
		{16A16D6D-A997-45E1-AE41-A75FF2F9A731}.Release|Win32.Build.0 = Release|Win32
		{16A16D6D-A997-45E1-AE41-A75FF2F9A731}.Debug|x64.ActiveCfg = Debug|x64
		{16A16D6D-A997-45E1-AE41-A75FF2F9A731}.Debug|x64.Build.0 = Debug|x64
		{16A16D6D-A997-45E1-AE41-A75FF2F9A731}.Release|x64.ActiveCfg = Release|x64
		{16A16D6D-A997-45E1-AE41-A75FF2F9A731}.Release|x64.Build.0 = Release|x64
		{C7F26FB2-DD29-465A-9C48-1165150B6E65}.Debug|Win32.ActiveCfg = Debug|Win32
		{C7F26FB2-DD29-465A-9C48-1165150B6E65}.Debug|Win32.Build.0 = Debug|Win32
		{C7F26FB2-DD29-465A-9C48-1165150B6E65}.Release|Win32.ActiveCfg = Release|Win32
		{C7F26FB2-DD29-465A-9C48-1165150B6E65}.Release|Win32.Build.0 = Release|Win32
		{C7F26FB2-DD29-465A-9C48-1165150B6E65}.Debug|x64.ActiveCfg = Debug|x64
		{C7F26FB2-DD29-465A-9C48-1165150B6E65}.Debug|x64.Build.0 = Debug|x64
		{C7F26FB2-DD29-465A-9C48-1165150B6E65}.Release|x64.ActiveCfg = Release|x64
		{C7F26FB2-DD29-465A-9C48-1165150B6E65}.Release|x64.Build.0 = Release|x64
	EndGlobalSection
	GlobalSection(SolutionProperties) = preSolution
		HideSolutionNode = FALSE
	EndGlobalSection
	GlobalSection(NestedProjects) = preSolution
		{16A16D6D-A997-45E1-AE41-A75FF2F9A731} = {F924DB5A-7B7A-4820-9655-EA130F950DDD}
		{C7F26FB2-DD29-465A-9C48-1165150B6E65} = {F1ED8451-410E-44B1-B022-9A0D953267B6}
	EndGlobalSection
EndGlobal
