<?xml version="1.0" encoding="utf-8"?>
<Project ToolsVersion="4.0" xmlns="http://schemas.microsoft.com/developer/msbuild/2003">
  <ItemGroup>
    <Filter Include="Source Files">
      <Extensions>cpp;c;cc;cxx;def;odl;idl;hpj;bat;asm;asmx;*</Extensions>
      <UniqueIdentifier>{0AA7B9CC-6AAF-487B-9036-B939FD9A9B0E}</UniqueIdentifier>
    </Filter>
    <Filter Include="Header Files">
      <Extensions>h;hpp;hxx;hm;inl;inc;xsd</Extensions>
      <UniqueIdentifier>{BB821D94-5629-40BE-B5B8-809B58382931}</UniqueIdentifier>
    </Filter>
    <Filter Include="Resource Files">
      <Extensions>rc;ico;cur;bmp;dlg;rc2;rct;bin;rgs;gif;jpg;jpeg;jpe;resx;tiff;tif;png;wav;mfcribbon-ms;man;xml</Extensions>
      <UniqueIdentifier>{28C582AD-3C88-4631-A980-E0EB0684D9FA}</UniqueIdentifier>
    </Filter>
    <Filter Include="Driver Files">
      <Extensions>inf;inv;inx;mof;mc;</Extensions>
      <UniqueIdentifier>{87216377-AE9B-47DE-995E-F11370E84553}</UniqueIdentifier>
    </Filter>
  </ItemGroup>
  <ItemGroup>
    <ClCompile Include="Capture.c">
      <Filter>Source Files</Filter>
    </ClCompile>
    <ClCompile Include="Context.c">
      <Filter>Source Files</Filter>
    </ClCompile>
    <ClCompile Include="driver.c">
      <Filter>Source Files</Filter>
    </ClCompile>
    <ClCompile Include="MultiAlt.c">
      <Filter>Source Files</Filter>
    </ClCompile>
    <ClCompile Include="Post.c">
      <Filter>Source Files</Filter>
    </ClCompile>
    <ClCompile Include="Pre.c">
      <Filter>Source Files</Filter>
    </ClCompile>
    <ClCompile Include="regfltr.c">
      <Filter>Source Files</Filter>
    </ClCompile>
    <ClCompile Include="TxR.c">
      <Filter>Source Files</Filter>
    </ClCompile>
    <ClCompile Include="TxRUtil.c">
      <Filter>Source Files</Filter>
    </ClCompile>
    <ClCompile Include="Util.c">
      <Filter>Source Files</Filter>
    </ClCompile>
    <ClCompile Include="Version.c">
      <Filter>Source Files</Filter>
    </ClCompile>
  </ItemGroup>
  <ItemGroup>
    <ResourceCompile Include="regfltr.rc">
      <Filter>Resource Files</Filter>
    </ResourceCompile>
  </ItemGroup>
</Project>