<?xml version="1.0" encoding="utf-8"?>
<Project ToolsVersion="4.0" xmlns="http://schemas.microsoft.com/developer/msbuild/2003">
  <ItemGroup>
    <Filter Include="Source Files">
      <Extensions>cpp;c;cc;cxx;def;odl;idl;hpj;bat;asm;asmx;*</Extensions>
      <UniqueIdentifier>{3D2AE2AB-4A59-4C45-8B37-DF9973DE29F4}</UniqueIdentifier>
    </Filter>
    <Filter Include="Header Files">
      <Extensions>h;hpp;hxx;hm;inl;inc;xsd</Extensions>
      <UniqueIdentifier>{D2776F29-9EAD-4F9A-B1DB-827FEBAE9166}</UniqueIdentifier>
    </Filter>
    <Filter Include="Resource Files">
      <Extensions>rc;ico;cur;bmp;dlg;rc2;rct;bin;rgs;gif;jpg;jpeg;jpe;resx;tiff;tif;png;wav;mfcribbon-ms;man;xml</Extensions>
      <UniqueIdentifier>{AC7F517D-37C5-4622-9D43-DFFD0B196012}</UniqueIdentifier>
    </Filter>
  </ItemGroup>
  <ItemGroup>
    <ClCompile Include="Swap.cpp">
      <Filter>Source Files</Filter>
    </ClCompile>
    <ClCompile Include="SwapAPODll.cpp">
      <Filter>Source Files</Filter>
    </ClCompile>
    <ClCompile Include="SwapAPOMFX.cpp">
      <Filter>Source Files</Filter>
    </ClCompile>
    <ClCompile Include="SwapAPOSFX.cpp">
      <Filter>Source Files</Filter>
    </ClCompile>
    <Midl Include="SwapAPODll.idl">
      <Filter>Source Files</Filter>
    </Midl>
    <Midl Include="SwapAPOInterface.idl">
      <Filter>Source Files</Filter>
    </Midl>
    <None Include="SwapAPODll.def">
      <Filter>Source Files</Filter>
    </None>
  </ItemGroup>
  <ItemGroup>
    <ResourceCompile Include="SwapAPODll.rc">
      <Filter>Resource Files</Filter>
    </ResourceCompile>
  </ItemGroup>
</Project>