<?xml version="1.0" encoding="utf-8"?>
<Project ToolsVersion="4.0" xmlns="http://schemas.microsoft.com/developer/msbuild/2003">
  <ItemGroup>
    <Filter Include="Source Files">
      <Extensions>cpp;c;cc;cxx;def;odl;idl;hpj;bat;asm;asmx;*</Extensions>
      <UniqueIdentifier>{D821B726-E809-40D7-B964-B46198856820}</UniqueIdentifier>
    </Filter>
    <Filter Include="Header Files">
      <Extensions>h;hpp;hxx;hm;inl;inc;xsd</Extensions>
      <UniqueIdentifier>{25073272-3E9F-4F45-B3A7-805E2F15B111}</UniqueIdentifier>
    </Filter>
    <Filter Include="Resource Files">
      <Extensions>rc;ico;cur;bmp;dlg;rc2;rct;bin;rgs;gif;jpg;jpeg;jpe;resx;tiff;tif;png;wav;mfcribbon-ms;man;xml</Extensions>
      <UniqueIdentifier>{2EAE715D-4338-4A62-8F12-EC400CFF4D18}</UniqueIdentifier>
    </Filter>
  </ItemGroup>
  <ItemGroup>
    <ClCompile Include="bmpconv.cpp">
      <Filter>Source Files</Filter>
    </ClCompile>
    <ClCompile Include="bmpdata.cpp">
      <Filter>Source Files</Filter>
    </ClCompile>
    <ClCompile Include="cmflt.cpp">
      <Filter>Source Files</Filter>
    </ClCompile>
    <ClCompile Include="cmimg.cpp">
      <Filter>Source Files</Filter>
    </ClCompile>
    <ClCompile Include="cmsax.cpp">
      <Filter>Source Files</Filter>
    </ClCompile>
    <ClCompile Include="colchan.cpp">
      <Filter>Source Files</Filter>
    </ClCompile>
    <ClCompile Include="colconv.cpp">
      <Filter>Source Files</Filter>
    </ClCompile>
    <ClCompile Include="dictionary.cpp">
      <Filter>Source Files</Filter>
    </ClCompile>
    <ClCompile Include="dllentry.cpp">
      <Filter>Source Files</Filter>
    </ClCompile>
    <ClCompile Include="precompsrc.cpp">
      <Filter>Source Files</Filter>
    </ClCompile>
    <ClCompile Include="profile.cpp">
      <Filter>Source Files</Filter>
    </ClCompile>
    <ClCompile Include="profman.cpp">
      <Filter>Source Files</Filter>
    </ClCompile>
    <ClCompile Include="scaniter.cpp">
      <Filter>Source Files</Filter>
    </ClCompile>
    <ClCompile Include="transform.cpp">
      <Filter>Source Files</Filter>
    </ClCompile>
    <ClCompile Include="wcsapiconv.cpp">
      <Filter>Source Files</Filter>
    </ClCompile>
    <ClCompile Include="wictobmscn.cpp">
      <Filter>Source Files</Filter>
    </ClCompile>
  </ItemGroup>
  <ItemGroup>
    <ResourceCompile Include="cmflt.rc">
      <Filter>Resource Files</Filter>
    </ResourceCompile>
  </ItemGroup>
  <ItemGroup>
    <ClInclude Include="bmpconv.h">
      <Filter>Header Files</Filter>
    </ClInclude>
    <ClInclude Include="bmpdata.h" />
    <ClInclude Include="cmflt.h" />
    <ClInclude Include="cmimg.h" />
    <ClInclude Include="cmsax.h" />
    <ClInclude Include="colchan.h" />
    <ClInclude Include="colconv.h" />
    <ClInclude Include="dictionary.h" />
    <ClInclude Include="profile.h" />
    <ClInclude Include="profman.h" />
    <ClInclude Include="scaniter.h" />
    <ClInclude Include="transform.h" />
    <ClInclude Include="wcsapiconv.h" />
    <ClInclude Include="wictobmscn.h" />
    <ClInclude Include="bmpconv.h">
      <Filter>Header Files</Filter>
    </ClInclude>
    <ClInclude Include="bmpdata.h" />
    <ClInclude Include="cmflt.h" />
    <ClInclude Include="cmimg.h" />
    <ClInclude Include="cmsax.h" />
    <ClInclude Include="colchan.h" />
    <ClInclude Include="colconv.h" />
    <ClInclude Include="dictionary.h" />
    <ClInclude Include="profile.h" />
    <ClInclude Include="profman.h" />
    <ClInclude Include="scaniter.h" />
    <ClInclude Include="transform.h" />
    <ClInclude Include="wcsapiconv.h" />
    <ClInclude Include="wictobmscn.h" />
    <ClInclude Include="bmpconv.h">
      <Filter>Header Files</Filter>
    </ClInclude>
    <ClInclude Include="bmpdata.h" />
    <ClInclude Include="cmflt.h" />
    <ClInclude Include="cmimg.h" />
    <ClInclude Include="cmsax.h" />
    <ClInclude Include="colchan.h" />
    <ClInclude Include="colconv.h" />
    <ClInclude Include="dictionary.h" />
    <ClInclude Include="profile.h" />
    <ClInclude Include="profman.h" />
    <ClInclude Include="scaniter.h" />
    <ClInclude Include="transform.h" />
    <ClInclude Include="wcsapiconv.h" />
    <ClInclude Include="wictobmscn.h" />
    <ClInclude Include="bmpconv.h">
      <Filter>Header Files</Filter>
    </ClInclude>
    <ClInclude Include="bmpdata.h" />
    <ClInclude Include="cmflt.h" />
    <ClInclude Include="cmimg.h" />
    <ClInclude Include="cmsax.h" />
    <ClInclude Include="colchan.h" />
    <ClInclude Include="colconv.h" />
    <ClInclude Include="dictionary.h" />
    <ClInclude Include="profile.h" />
    <ClInclude Include="profman.h" />
    <ClInclude Include="scaniter.h" />
    <ClInclude Include="transform.h" />
    <ClInclude Include="wcsapiconv.h" />
    <ClInclude Include="wictobmscn.h" />
    <ClInclude Include="bmpconv.h">
      <Filter>Header Files</Filter>
    </ClInclude>
    <ClInclude Include="bmpdata.h" />
    <ClInclude Include="cmflt.h" />
    <ClInclude Include="cmimg.h" />
    <ClInclude Include="cmsax.h" />
    <ClInclude Include="colchan.h" />
    <ClInclude Include="colconv.h" />
    <ClInclude Include="dictionary.h" />
    <ClInclude Include="profile.h" />
    <ClInclude Include="profman.h" />
    <ClInclude Include="scaniter.h" />
    <ClInclude Include="transform.h" />
    <ClInclude Include="wcsapiconv.h" />
    <ClInclude Include="wictobmscn.h" />
    <ClInclude Include="bmpconv.h">
      <Filter>Header Files</Filter>
    </ClInclude>
    <ClInclude Include="bmpdata.h" />
    <ClInclude Include="cmflt.h" />
    <ClInclude Include="cmimg.h" />
    <ClInclude Include="cmsax.h" />
    <ClInclude Include="colchan.h" />
    <ClInclude Include="colconv.h" />
    <ClInclude Include="dictionary.h" />
    <ClInclude Include="profile.h" />
    <ClInclude Include="profman.h" />
    <ClInclude Include="scaniter.h" />
    <ClInclude Include="transform.h" />
    <ClInclude Include="wcsapiconv.h" />
    <ClInclude Include="wictobmscn.h" />
    <ClInclude Include="bmpconv.h">
      <Filter>Header Files</Filter>
    </ClInclude>
    <ClInclude Include="bmpdata.h" />
    <ClInclude Include="cmflt.h" />
    <ClInclude Include="cmimg.h" />
    <ClInclude Include="cmsax.h" />
    <ClInclude Include="colchan.h" />
    <ClInclude Include="colconv.h" />
    <ClInclude Include="dictionary.h" />
    <ClInclude Include="profile.h" />
    <ClInclude Include="profman.h" />
    <ClInclude Include="scaniter.h" />
    <ClInclude Include="transform.h" />
    <ClInclude Include="wcsapiconv.h" />
    <ClInclude Include="wictobmscn.h" />
    <ClInclude Include="bmpconv.h">
      <Filter>Header Files</Filter>
    </ClInclude>
    <ClInclude Include="bmpdata.h" />
    <ClInclude Include="cmflt.h" />
    <ClInclude Include="cmimg.h" />
    <ClInclude Include="cmsax.h" />
    <ClInclude Include="colchan.h" />
    <ClInclude Include="colconv.h" />
    <ClInclude Include="dictionary.h" />
    <ClInclude Include="profile.h" />
    <ClInclude Include="profman.h" />
    <ClInclude Include="scaniter.h" />
    <ClInclude Include="transform.h" />
    <ClInclude Include="wcsapiconv.h" />
    <ClInclude Include="wictobmscn.h" />
    <ClInclude Include="bmpconv.h">
      <Filter>Header Files</Filter>
    </ClInclude>
    <ClInclude Include="bmpdata.h" />
    <ClInclude Include="cmflt.h" />
    <ClInclude Include="cmimg.h" />
    <ClInclude Include="cmsax.h" />
    <ClInclude Include="colchan.h" />
    <ClInclude Include="colconv.h" />
    <ClInclude Include="dictionary.h" />
    <ClInclude Include="profile.h" />
    <ClInclude Include="profman.h" />
    <ClInclude Include="scaniter.h" />
    <ClInclude Include="transform.h" />
    <ClInclude Include="wcsapiconv.h" />
    <ClInclude Include="wictobmscn.h" />
    <ClInclude Include="bmpconv.h">
      <Filter>Header Files</Filter>
    </ClInclude>
    <ClInclude Include="bmpdata.h" />
    <ClInclude Include="cmflt.h" />
    <ClInclude Include="cmimg.h" />
    <ClInclude Include="cmsax.h" />
    <ClInclude Include="colchan.h" />
    <ClInclude Include="colconv.h" />
    <ClInclude Include="dictionary.h" />
    <ClInclude Include="profile.h" />
    <ClInclude Include="profman.h" />
    <ClInclude Include="scaniter.h" />
    <ClInclude Include="transform.h" />
    <ClInclude Include="wcsapiconv.h" />
    <ClInclude Include="wictobmscn.h" />
    <ClInclude Include="bmpconv.h">
      <Filter>Header Files</Filter>
    </ClInclude>
    <ClInclude Include="bmpdata.h" />
    <ClInclude Include="cmflt.h" />
    <ClInclude Include="cmimg.h" />
    <ClInclude Include="cmsax.h" />
    <ClInclude Include="colchan.h" />
    <ClInclude Include="colconv.h" />
    <ClInclude Include="dictionary.h" />
    <ClInclude Include="profile.h" />
    <ClInclude Include="profman.h" />
    <ClInclude Include="scaniter.h" />
    <ClInclude Include="transform.h" />
    <ClInclude Include="wcsapiconv.h" />
    <ClInclude Include="wictobmscn.h" />
    <ClInclude Include="bmpconv.h">
      <Filter>Header Files</Filter>
    </ClInclude>
    <ClInclude Include="bmpdata.h" />
    <ClInclude Include="cmflt.h" />
    <ClInclude Include="cmimg.h" />
    <ClInclude Include="cmsax.h" />
    <ClInclude Include="colchan.h" />
    <ClInclude Include="colconv.h" />
    <ClInclude Include="dictionary.h" />
    <ClInclude Include="profile.h" />
    <ClInclude Include="profman.h" />
    <ClInclude Include="scaniter.h" />
    <ClInclude Include="transform.h" />
    <ClInclude Include="wcsapiconv.h" />
    <ClInclude Include="wictobmscn.h" />
    <ClInclude Include="bmpconv.h">
      <Filter>Header Files</Filter>
    </ClInclude>
    <ClInclude Include="bmpdata.h" />
    <ClInclude Include="cmflt.h" />
    <ClInclude Include="cmimg.h" />
    <ClInclude Include="cmsax.h" />
    <ClInclude Include="colchan.h" />
    <ClInclude Include="colconv.h" />
    <ClInclude Include="dictionary.h" />
    <ClInclude Include="profile.h" />
    <ClInclude Include="profman.h" />
    <ClInclude Include="scaniter.h" />
    <ClInclude Include="transform.h" />
    <ClInclude Include="wcsapiconv.h" />
    <ClInclude Include="wictobmscn.h" />
    <ClInclude Include="*.h;*.hpp;*.hxx;*.hm;*.inl;*.xsd">
      <Filter>Header Files</Filter>
    </ClInclude>
    <ClInclude Include="*.h;*.hpp;*.hxx;*.hm;*.inl;*.xsd">
      <Filter>Header Files</Filter>
    </ClInclude>
    <ClInclude Include="*.h;*.hpp;*.hxx;*.hm;*.inl;*.xsd">
      <Filter>Header Files</Filter>
    </ClInclude>
    <ClInclude Include="*.h;*.hpp;*.hxx;*.hm;*.inl;*.xsd">
      <Filter>Header Files</Filter>
    </ClInclude>
    <ClInclude Include="*.h;*.hpp;*.hxx;*.hm;*.inl;*.xsd">
      <Filter>Header Files</Filter>
    </ClInclude>
    <ClInclude Include="*.h;*.hpp;*.hxx;*.hm;*.inl;*.xsd">
      <Filter>Header Files</Filter>
    </ClInclude>
    <ClInclude Include="*.h;*.hpp;*.hxx;*.hm;*.inl;*.xsd">
      <Filter>Header Files</Filter>
    </ClInclude>
    <ClInclude Include="*.h;*.hpp;*.hxx;*.hm;*.inl;*.xsd">
      <Filter>Header Files</Filter>
    </ClInclude>
    <ClInclude Include="*.h;*.hpp;*.hxx;*.hm;*.inl;*.xsd">
      <Filter>Header Files</Filter>
    </ClInclude>
    <ClInclude Include="*.h;*.hpp;*.hxx;*.hm;*.inl;*.xsd">
      <Filter>Header Files</Filter>
    </ClInclude>
    <ClInclude Include="*.h;*.hpp;*.hxx;*.hm;*.inl;*.xsd">
      <Filter>Header Files</Filter>
    </ClInclude>
    <ClInclude Include="*.h;*.hpp;*.hxx;*.hm;*.inl;*.xsd">
      <Filter>Header Files</Filter>
    </ClInclude>
    <ClInclude Include="*.h;*.hpp;*.hxx;*.hm;*.inl;*.xsd">
      <Filter>Header Files</Filter>
    </ClInclude>
    <ClInclude Include="*.h;*.hpp;*.hxx;*.hm;*.inl;*.xsd">
      <Filter>Header Files</Filter>
    </ClInclude>
  </ItemGroup>
  <ItemGroup>
    <None Include="*.def;*.bat;*.hpj;*.asmx">
      <Filter>Source Files</Filter>
    </None>
  </ItemGroup>
</Project>