
Microsoft Visual Studio Solution File, Format Version 12.00
# Visual Studio 2013
VisualStudioVersion = 12.0
MinimumVisualStudioVersion = 12.0
Project("{2150E333-8FDC-42A3-9474-1A3956D46DE8}") = "Microdrv", "Microdrv", "{5F40702E-4251-4896-A0D1-E3B262F566EB}"
EndProject
Project("{2150E333-8FDC-42A3-9474-1A3956D46DE8}") = "Errhandler", "Errhandler", "{A92C5883-CEAC-40F0-BF6B-339EC471D786}"
EndProject
Project("{2150E333-8FDC-42A3-9474-1A3956D46DE8}") = "Wiadriverex", "Wiadriverex", "{B6171A76-0376-4705-883D-A80C2B6002A1}"
EndProject
Project("{2150E333-8FDC-42A3-9474-1A3956D46DE8}") = "Imgfilter", "Imgfilter", "{0B1D3A1D-779A-47DA-A98D-4B11D2ED824C}"
EndProject
Project("{2150E333-8FDC-42A3-9474-1A3956D46DE8}") = "Segfilter", "Segfilter", "{6032EC50-C055-4423-ACDE-2580E4AAF3EE}"
EndProject
Project("{2150E333-8FDC-42A3-9474-1A3956D46DE8}") = "Uiext2", "Uiext2", "{3B11780F-D142-46CE-9097-F1DC616A522E}"
EndProject
Project("{2150E333-8FDC-42A3-9474-1A3956D46DE8}") = "Usd", "Usd", "{744B6DAE-B21F-4DE5-A865-FACA65CD663A}"
EndProject
Project("{2150E333-8FDC-42A3-9474-1A3956D46DE8}") = "ProdScan", "ProdScan", "{AE4FFB88-463E-4DA3-81DA-2D2143A6097A}"
EndProject
Project("{8BC9CEB8-8B4A-11D0-8D11-00A0C91BC942}") = "testmcro", "microdrv\testmcro.vcxproj", "{823A3A7D-47CE-46A7-BEC6-87E16E61CCE7}"
EndProject
Project("{8BC9CEB8-8B4A-11D0-8D11-00A0C91BC942}") = "errhandler", "wiadriverex\errhandler\errhandler.vcxproj", "{DD1B17F5-27B3-4EC3-9F49-B8BCA0A07B4A}"
EndProject
Project("{8BC9CEB8-8B4A-11D0-8D11-00A0C91BC942}") = "imgfilter", "wiadriverex\imgfilter\imgfilter.vcxproj", "{12455A18-956A-4030-B1C2-4C3EA1A827AD}"
EndProject
Project("{8BC9CEB8-8B4A-11D0-8D11-00A0C91BC942}") = "segfilter", "wiadriverex\segfilter\segfilter.vcxproj", "{4514674D-F69E-4C3B-902F-23FB5F04DB40}"
EndProject
Project("{8BC9CEB8-8B4A-11D0-8D11-00A0C91BC942}") = "uiext2", "wiadriverex\uiext2\uiext2.vcxproj", "{D8EF524D-29CB-4721-8EBE-1A049ECE53A2}"
EndProject
Project("{8BC9CEB8-8B4A-11D0-8D11-00A0C91BC942}") = "wiadriverex", "wiadriverex\usd\wiadriverex.vcxproj", "{88DE1C8B-C13E-41C9-BE8A-0B396AB9B33C}"
EndProject
Project("{8BC9CEB8-8B4A-11D0-8D11-00A0C91BC942}") = "ProdScan", "ProdScan\ProdScan.vcxproj", "{041FE80B-1F18-4CF6-90DD-59C690C11A32}"
EndProject
Global
	GlobalSection(SolutionConfigurationPlatforms) = preSolution
		Debug|ARM64 = Debug|ARM64
		Release|ARM64 = Release|ARM64
		Debug|x64 = Debug|x64
		Release|x64 = Release|x64
	EndGlobalSection
	GlobalSection(ProjectConfigurationPlatforms) = postSolution
		{823A3A7D-47CE-46A7-BEC6-87E16E61CCE7}.Debug|ARM64.ActiveCfg = Debug|ARM64
		{823A3A7D-47CE-46A7-BEC6-87E16E61CCE7}.Debug|ARM64.Build.0 = Debug|ARM64
		{DD1B17F5-27B3-4EC3-9F49-B8BCA0A07B4A}.Debug|ARM64.ActiveCfg = Debug|ARM64
		{DD1B17F5-27B3-4EC3-9F49-B8BCA0A07B4A}.Debug|ARM64.Build.0 = Debug|ARM64
		{12455A18-956A-4030-B1C2-4C3EA1A827AD}.Debug|ARM64.ActiveCfg = Debug|ARM64
		{12455A18-956A-4030-B1C2-4C3EA1A827AD}.Debug|ARM64.Build.0 = Debug|ARM64
		{4514674D-F69E-4C3B-902F-23FB5F04DB40}.Debug|ARM64.ActiveCfg = Debug|ARM64
		{4514674D-F69E-4C3B-902F-23FB5F04DB40}.Debug|ARM64.Build.0 = Debug|ARM64
		{D8EF524D-29CB-4721-8EBE-1A049ECE53A2}.Debug|ARM64.ActiveCfg = Debug|ARM64
		{D8EF524D-29CB-4721-8EBE-1A049ECE53A2}.Debug|ARM64.Build.0 = Debug|ARM64
		{88DE1C8B-C13E-41C9-BE8A-0B396AB9B33C}.Debug|ARM64.ActiveCfg = Debug|ARM64
		{88DE1C8B-C13E-41C9-BE8A-0B396AB9B33C}.Debug|ARM64.Build.0 = Debug|ARM64
		{041FE80B-1F18-4CF6-90DD-59C690C11A32}.Debug|ARM64.ActiveCfg = Debug|ARM64
		{041FE80B-1F18-4CF6-90DD-59C690C11A32}.Debug|ARM64.Build.0 = Debug|ARM64
		{823A3A7D-47CE-46A7-BEC6-87E16E61CCE7}.Release|ARM64.ActiveCfg = Release|ARM64
		{823A3A7D-47CE-46A7-BEC6-87E16E61CCE7}.Release|ARM64.Build.0 = Release|ARM64
		{DD1B17F5-27B3-4EC3-9F49-B8BCA0A07B4A}.Release|ARM64.ActiveCfg = Release|ARM64
		{DD1B17F5-27B3-4EC3-9F49-B8BCA0A07B4A}.Release|ARM64.Build.0 = Release|ARM64
		{12455A18-956A-4030-B1C2-4C3EA1A827AD}.Release|ARM64.ActiveCfg = Release|ARM64
		{12455A18-956A-4030-B1C2-4C3EA1A827AD}.Release|ARM64.Build.0 = Release|ARM64
		{4514674D-F69E-4C3B-902F-23FB5F04DB40}.Release|ARM64.ActiveCfg = Release|ARM64
		{4514674D-F69E-4C3B-902F-23FB5F04DB40}.Release|ARM64.Build.0 = Release|ARM64
		{D8EF524D-29CB-4721-8EBE-1A049ECE53A2}.Release|ARM64.ActiveCfg = Release|ARM64
		{D8EF524D-29CB-4721-8EBE-1A049ECE53A2}.Release|ARM64.Build.0 = Release|ARM64
		{88DE1C8B-C13E-41C9-BE8A-0B396AB9B33C}.Release|ARM64.ActiveCfg = Release|ARM64
		{88DE1C8B-C13E-41C9-BE8A-0B396AB9B33C}.Release|ARM64.Build.0 = Release|ARM64
		{041FE80B-1F18-4CF6-90DD-59C690C11A32}.Release|ARM64.ActiveCfg = Release|ARM64
		{041FE80B-1F18-4CF6-90DD-59C690C11A32}.Release|ARM64.Build.0 = Release|ARM64
		{823A3A7D-47CE-46A7-BEC6-87E16E61CCE7}.Debug|x64.ActiveCfg = Debug|x64
		{823A3A7D-47CE-46A7-BEC6-87E16E61CCE7}.Debug|x64.Build.0 = Debug|x64
		{823A3A7D-47CE-46A7-BEC6-87E16E61CCE7}.Release|x64.ActiveCfg = Release|x64
		{823A3A7D-47CE-46A7-BEC6-87E16E61CCE7}.Release|x64.Build.0 = Release|x64
		{DD1B17F5-27B3-4EC3-9F49-B8BCA0A07B4A}.Debug|x64.ActiveCfg = Debug|x64
		{DD1B17F5-27B3-4EC3-9F49-B8BCA0A07B4A}.Debug|x64.Build.0 = Debug|x64
		{DD1B17F5-27B3-4EC3-9F49-B8BCA0A07B4A}.Release|x64.ActiveCfg = Release|x64
		{DD1B17F5-27B3-4EC3-9F49-B8BCA0A07B4A}.Release|x64.Build.0 = Release|x64
		{12455A18-956A-4030-B1C2-4C3EA1A827AD}.Debug|x64.ActiveCfg = Debug|x64
		{12455A18-956A-4030-B1C2-4C3EA1A827AD}.Debug|x64.Build.0 = Debug|x64
		{12455A18-956A-4030-B1C2-4C3EA1A827AD}.Release|x64.ActiveCfg = Release|x64
		{12455A18-956A-4030-B1C2-4C3EA1A827AD}.Release|x64.Build.0 = Release|x64
		{4514674D-F69E-4C3B-902F-23FB5F04DB40}.Debug|x64.ActiveCfg = Debug|x64
		{4514674D-F69E-4C3B-902F-23FB5F04DB40}.Debug|x64.Build.0 = Debug|x64
		{4514674D-F69E-4C3B-902F-23FB5F04DB40}.Release|x64.ActiveCfg = Release|x64
		{4514674D-F69E-4C3B-902F-23FB5F04DB40}.Release|x64.Build.0 = Release|x64
		{D8EF524D-29CB-4721-8EBE-1A049ECE53A2}.Debug|x64.ActiveCfg = Debug|x64
		{D8EF524D-29CB-4721-8EBE-1A049ECE53A2}.Debug|x64.Build.0 = Debug|x64
		{D8EF524D-29CB-4721-8EBE-1A049ECE53A2}.Release|x64.ActiveCfg = Release|x64
		{D8EF524D-29CB-4721-8EBE-1A049ECE53A2}.Release|x64.Build.0 = Release|x64
		{88DE1C8B-C13E-41C9-BE8A-0B396AB9B33C}.Debug|x64.ActiveCfg = Debug|x64
		{88DE1C8B-C13E-41C9-BE8A-0B396AB9B33C}.Debug|x64.Build.0 = Debug|x64
		{88DE1C8B-C13E-41C9-BE8A-0B396AB9B33C}.Release|x64.ActiveCfg = Release|x64
		{88DE1C8B-C13E-41C9-BE8A-0B396AB9B33C}.Release|x64.Build.0 = Release|x64
		{041FE80B-1F18-4CF6-90DD-59C690C11A32}.Debug|x64.ActiveCfg = Debug|x64
		{041FE80B-1F18-4CF6-90DD-59C690C11A32}.Debug|x64.Build.0 = Debug|x64
		{041FE80B-1F18-4CF6-90DD-59C690C11A32}.Release|x64.ActiveCfg = Release|x64
		{041FE80B-1F18-4CF6-90DD-59C690C11A32}.Release|x64.Build.0 = Release|x64
	EndGlobalSection
	GlobalSection(SolutionProperties) = preSolution
		HideSolutionNode = FALSE
	EndGlobalSection
	GlobalSection(NestedProjects) = preSolution
		{823A3A7D-47CE-46A7-BEC6-87E16E61CCE7} = {5F40702E-4251-4896-A0D1-E3B262F566EB}
		{DD1B17F5-27B3-4EC3-9F49-B8BCA0A07B4A} = {A92C5883-CEAC-40F0-BF6B-339EC471D786}
		{12455A18-956A-4030-B1C2-4C3EA1A827AD} = {0B1D3A1D-779A-47DA-A98D-4B11D2ED824C}
		{4514674D-F69E-4C3B-902F-23FB5F04DB40} = {6032EC50-C055-4423-ACDE-2580E4AAF3EE}
		{D8EF524D-29CB-4721-8EBE-1A049ECE53A2} = {3B11780F-D142-46CE-9097-F1DC616A522E}
		{88DE1C8B-C13E-41C9-BE8A-0B396AB9B33C} = {744B6DAE-B21F-4DE5-A865-FACA65CD663A}
		{041FE80B-1F18-4CF6-90DD-59C690C11A32} = {AE4FFB88-463E-4DA3-81DA-2D2143A6097A}
		{A92C5883-CEAC-40F0-BF6B-339EC471D786} = {B6171A76-0376-4705-883D-A80C2B6002A1}
		{0B1D3A1D-779A-47DA-A98D-4B11D2ED824C} = {B6171A76-0376-4705-883D-A80C2B6002A1}
		{6032EC50-C055-4423-ACDE-2580E4AAF3EE} = {B6171A76-0376-4705-883D-A80C2B6002A1}
		{3B11780F-D142-46CE-9097-F1DC616A522E} = {B6171A76-0376-4705-883D-A80C2B6002A1}
		{744B6DAE-B21F-4DE5-A865-FACA65CD663A} = {B6171A76-0376-4705-883D-A80C2B6002A1}
	EndGlobalSection
EndGlobal
