<?xml version="1.0" encoding="utf-8"?>
<Project ToolsVersion="4.0" xmlns="http://schemas.microsoft.com/developer/msbuild/2003">
  <ItemGroup>
    <Filter Include="Source Files">
      <Extensions>cpp;c;cc;cxx;def;odl;idl;hpj;bat;asm;asmx;*</Extensions>
      <UniqueIdentifier>{5B72A6DB-853E-4641-BCA1-10EF5DD4E413}</UniqueIdentifier>
    </Filter>
    <Filter Include="Header Files">
      <Extensions>h;hpp;hxx;hm;inl;inc;xsd</Extensions>
      <UniqueIdentifier>{A4A9A35F-8A74-4BE3-9EB0-E626ECDA38BD}</UniqueIdentifier>
    </Filter>
    <Filter Include="Resource Files">
      <Extensions>rc;ico;cur;bmp;dlg;rc2;rct;bin;rgs;gif;jpg;jpeg;jpe;resx;tiff;tif;png;wav;mfcribbon-ms;man;xml</Extensions>
      <UniqueIdentifier>{EB77FECD-C552-486B-9539-1E9B52B3466B}</UniqueIdentifier>
    </Filter>
    <Filter Include="Driver Files">
      <Extensions>inf;inv;inx;mof;mc;</Extensions>
      <UniqueIdentifier>{02165F6F-54E8-4D4C-832B-CDF2877A781B}</UniqueIdentifier>
    </Filter>
  </ItemGroup>
  <ItemGroup>
    <ClCompile Include="..\adapter.c">
      <Filter>Source Files</Filter>
    </ClCompile>
    <ClCompile Include="..\ctrlpath.c">
      <Filter>Source Files</Filter>
    </ClCompile>
    <ClCompile Include="..\datapath.c">
      <Filter>Source Files</Filter>
    </ClCompile>
    <ClCompile Include="..\miniport.c">
      <Filter>Source Files</Filter>
    </ClCompile>
    <ClCompile Include="..\mphal.c">
      <Filter>Source Files</Filter>
    </ClCompile>
    <ClCompile Include="..\tcbrcb.c">
      <Filter>Source Files</Filter>
    </ClCompile>
    <ClCompile Include="..\vmq.c">
      <Filter>Source Files</Filter>
    </ClCompile>
  </ItemGroup>
  <ItemGroup>
    <ResourceCompile Include="netvmini620.rc">
      <Filter>Resource Files</Filter>
    </ResourceCompile>
  </ItemGroup>
</Project>