
Microsoft Visual Studio Solution File, Format Version 12.00
# Visual Studio 2013
VisualStudioVersion = 12.0
MinimumVisualStudioVersion = 12.0
Project("{2150E333-8FDC-42A3-9474-1A3956D46DE8}") = "AppDrv", "AppDrv", "{934A7B3A-B938-4EDA-9E5F-E7F433FA087F}"
EndProject
Project("{2150E333-8FDC-42A3-9474-1A3956D46DE8}") = "DIFxCmd", "DIFxCmd", "{C23C988D-F193-4B5F-8AEC-BBB7DFA9563A}"
EndProject
Project("{8BC9CEB8-8B4A-11D0-8D11-00A0C91BC942}") = "AppDrv", "AppDrv\AppDrv.vcxproj", "{CF7081EA-BC95-4C48-8829-39228285EB60}"
EndProject
Project("{8BC9CEB8-8B4A-11D0-8D11-00A0C91BC942}") = "DIFxCmd", "DIFxCmd\DIFxCmd.vcxproj", "{C849846A-EA1D-491D-BB56-139869BE3B21}"
EndProject
Global
	GlobalSection(SolutionConfigurationPlatforms) = preSolution
		Debug|Win32 = Debug|Win32
		Release|Win32 = Release|Win32
		Debug|x64 = Debug|x64
		Release|x64 = Release|x64
	EndGlobalSection
	GlobalSection(ProjectConfigurationPlatforms) = postSolution
		{CF7081EA-BC95-4C48-8829-39228285EB60}.Debug|Win32.ActiveCfg = Debug|Win32
		{CF7081EA-BC95-4C48-8829-39228285EB60}.Debug|Win32.Build.0 = Debug|Win32
		{CF7081EA-BC95-4C48-8829-39228285EB60}.Release|Win32.ActiveCfg = Release|Win32
		{CF7081EA-BC95-4C48-8829-39228285EB60}.Release|Win32.Build.0 = Release|Win32
		{CF7081EA-BC95-4C48-8829-39228285EB60}.Debug|x64.ActiveCfg = Debug|x64
		{CF7081EA-BC95-4C48-8829-39228285EB60}.Debug|x64.Build.0 = Debug|x64
		{CF7081EA-BC95-4C48-8829-39228285EB60}.Release|x64.ActiveCfg = Release|x64
		{CF7081EA-BC95-4C48-8829-39228285EB60}.Release|x64.Build.0 = Release|x64
		{C849846A-EA1D-491D-BB56-139869BE3B21}.Debug|Win32.ActiveCfg = Debug|Win32
		{C849846A-EA1D-491D-BB56-139869BE3B21}.Debug|Win32.Build.0 = Debug|Win32
		{C849846A-EA1D-491D-BB56-139869BE3B21}.Release|Win32.ActiveCfg = Release|Win32
		{C849846A-EA1D-491D-BB56-139869BE3B21}.Release|Win32.Build.0 = Release|Win32
		{C849846A-EA1D-491D-BB56-139869BE3B21}.Debug|x64.ActiveCfg = Debug|x64
		{C849846A-EA1D-491D-BB56-139869BE3B21}.Debug|x64.Build.0 = Debug|x64
		{C849846A-EA1D-491D-BB56-139869BE3B21}.Release|x64.ActiveCfg = Release|x64
		{C849846A-EA1D-491D-BB56-139869BE3B21}.Release|x64.Build.0 = Release|x64
	EndGlobalSection
	GlobalSection(SolutionProperties) = preSolution
		HideSolutionNode = FALSE
	EndGlobalSection
	GlobalSection(NestedProjects) = preSolution
		{CF7081EA-BC95-4C48-8829-39228285EB60} = {934A7B3A-B938-4EDA-9E5F-E7F433FA087F}
		{C849846A-EA1D-491D-BB56-139869BE3B21} = {C23C988D-F193-4B5F-8AEC-BBB7DFA9563A}
	EndGlobalSection
EndGlobal
