
Microsoft Visual Studio Solution File, Format Version 12.00
# Visual Studio 15
VisualStudioVersion = 15.0.28010.0
MinimumVisualStudioVersion = 10.0.40219.1
Project("{8BC9CEB8-8B4A-11D0-8D11-00A0C91BC942}") = "UcmUcsiAcpiSample", "UcmUcsiAcpiSample\UcmUcsiAcpiSample.vcxproj", "{89486440-A6FB-4E95-9EE9-957B646F28DD}"
EndProject
Global
	GlobalSection(SolutionConfigurationPlatforms) = preSolution
		Debug|x64 = Debug|x64
		Debug|x86 = Debug|x86
		Release|x64 = Release|x64
		Release|x86 = Release|x86
	EndGlobalSection
	GlobalSection(ProjectConfigurationPlatforms) = postSolution
		{89486440-A6FB-4E95-9EE9-957B646F28DD}.Debug|x64.ActiveCfg = Debug|x64
		{89486440-A6FB-4E95-9EE9-957B646F28DD}.Debug|x64.Build.0 = Debug|x64
		{89486440-A6FB-4E95-9EE9-957B646F28DD}.Debug|x64.Deploy.0 = Debug|x64
		{89486440-A6FB-4E95-9EE9-957B646F28DD}.Debug|x86.ActiveCfg = Debug|Win32
		{89486440-A6FB-4E95-9EE9-957B646F28DD}.Debug|x86.Build.0 = Debug|Win32
		{89486440-A6FB-4E95-9EE9-957B646F28DD}.Debug|x86.Deploy.0 = Debug|Win32
		{89486440-A6FB-4E95-9EE9-957B646F28DD}.Release|x64.ActiveCfg = Release|x64
		{89486440-A6FB-4E95-9EE9-957B646F28DD}.Release|x64.Build.0 = Release|x64
		{89486440-A6FB-4E95-9EE9-957B646F28DD}.Release|x64.Deploy.0 = Release|x64
		{89486440-A6FB-4E95-9EE9-957B646F28DD}.Release|x86.ActiveCfg = Release|Win32
		{89486440-A6FB-4E95-9EE9-957B646F28DD}.Release|x86.Build.0 = Release|Win32
		{89486440-A6FB-4E95-9EE9-957B646F28DD}.Release|x86.Deploy.0 = Release|Win32
	EndGlobalSection
	GlobalSection(SolutionProperties) = preSolution
		HideSolutionNode = FALSE
	EndGlobalSection
	GlobalSection(ExtensibilityGlobals) = postSolution
		SolutionGuid = {65421185-9FFE-48A0-BAC9-067A8EB1C481}
	EndGlobalSection
EndGlobal
