<?xml version="1.0" encoding="utf-8"?>
<Project ToolsVersion="4.0" xmlns="http://schemas.microsoft.com/developer/msbuild/2003">
  <ItemGroup>
    <Filter Include="Source Files">
      <Extensions>cpp;c;cc;cxx;def;odl;idl;hpj;bat;asm;asmx;*</Extensions>
      <UniqueIdentifier>{968C24E3-F5FE-4473-9D02-E46A409462B6}</UniqueIdentifier>
    </Filter>
    <Filter Include="Header Files">
      <Extensions>h;hpp;hxx;hm;inl;inc;xsd</Extensions>
      <UniqueIdentifier>{D7302931-5FEA-4B5A-B5B1-7B1938023A9E}</UniqueIdentifier>
    </Filter>
    <Filter Include="Resource Files">
      <Extensions>rc;ico;cur;bmp;dlg;rc2;rct;bin;rgs;gif;jpg;jpeg;jpe;resx;tiff;tif;png;wav;mfcribbon-ms;man;xml</Extensions>
      <UniqueIdentifier>{1475CB34-56B8-45D0-9740-D86566D868E6}</UniqueIdentifier>
    </Filter>
  </ItemGroup>
  <ItemGroup>
    <ClCompile Include="dllentry.cxx">
      <Filter>Source Files</Filter>
    </ClCompile>
    <ClCompile Include="globals.cxx">
      <Filter>Source Files</Filter>
    </ClCompile>
    <ClCompile Include="intrface.cxx">
      <Filter>Source Files</Filter>
    </ClCompile>
    <ClCompile Include="oemptprovider.cxx">
      <Filter>Source Files</Filter>
    </ClCompile>
    <ClCompile Include="precompsrc.cpp">
      <Filter>Source Files</Filter>
    </ClCompile>
    <ClCompile Include="printschema.cxx">
      <Filter>Source Files</Filter>
    </ClCompile>
    <ClCompile Include="xmlhandler.cxx">
      <Filter>Source Files</Filter>
    </ClCompile>
  </ItemGroup>
  <ItemGroup>
    <ClInclude Include="debug.hxx">
      <Filter>Header Files</Filter>
    </ClInclude>
    <ClInclude Include="globals.hxx" />
    <ClInclude Include="intrface.hxx" />
    <ClInclude Include="oem.hxx" />
    <ClInclude Include="oemptprovider.hxx" />
    <ClInclude Include="precomp.hxx" />
    <ClInclude Include="printschema.hxx" />
    <ClInclude Include="xmlhandler.hxx" />
    <ClInclude Include="debug.hxx">
      <Filter>Header Files</Filter>
    </ClInclude>
    <ClInclude Include="globals.hxx" />
    <ClInclude Include="intrface.hxx" />
    <ClInclude Include="oem.hxx" />
    <ClInclude Include="oemptprovider.hxx" />
    <ClInclude Include="precomp.hxx" />
    <ClInclude Include="printschema.hxx" />
    <ClInclude Include="xmlhandler.hxx" />
    <ClInclude Include="debug.hxx">
      <Filter>Header Files</Filter>
    </ClInclude>
    <ClInclude Include="globals.hxx" />
    <ClInclude Include="intrface.hxx" />
    <ClInclude Include="oem.hxx" />
    <ClInclude Include="oemptprovider.hxx" />
    <ClInclude Include="precomp.hxx" />
    <ClInclude Include="printschema.hxx" />
    <ClInclude Include="xmlhandler.hxx" />
    <ClInclude Include="debug.hxx">
      <Filter>Header Files</Filter>
    </ClInclude>
    <ClInclude Include="globals.hxx" />
    <ClInclude Include="intrface.hxx" />
    <ClInclude Include="oem.hxx" />
    <ClInclude Include="oemptprovider.hxx" />
    <ClInclude Include="precomp.hxx" />
    <ClInclude Include="printschema.hxx" />
    <ClInclude Include="xmlhandler.hxx" />
    <ClInclude Include="debug.hxx">
      <Filter>Header Files</Filter>
    </ClInclude>
    <ClInclude Include="globals.hxx" />
    <ClInclude Include="intrface.hxx" />
    <ClInclude Include="oem.hxx" />
    <ClInclude Include="oemptprovider.hxx" />
    <ClInclude Include="precomp.hxx" />
    <ClInclude Include="printschema.hxx" />
    <ClInclude Include="xmlhandler.hxx" />
    <ClInclude Include="debug.hxx">
      <Filter>Header Files</Filter>
    </ClInclude>
    <ClInclude Include="globals.hxx" />
    <ClInclude Include="intrface.hxx" />
    <ClInclude Include="oem.hxx" />
    <ClInclude Include="oemptprovider.hxx" />
    <ClInclude Include="precomp.hxx" />
    <ClInclude Include="printschema.hxx" />
    <ClInclude Include="xmlhandler.hxx" />
    <ClInclude Include="debug.hxx">
      <Filter>Header Files</Filter>
    </ClInclude>
    <ClInclude Include="globals.hxx" />
    <ClInclude Include="intrface.hxx" />
    <ClInclude Include="oem.hxx" />
    <ClInclude Include="oemptprovider.hxx" />
    <ClInclude Include="precomp.hxx" />
    <ClInclude Include="printschema.hxx" />
    <ClInclude Include="xmlhandler.hxx" />
    <ClInclude Include="debug.hxx">
      <Filter>Header Files</Filter>
    </ClInclude>
    <ClInclude Include="globals.hxx" />
    <ClInclude Include="intrface.hxx" />
    <ClInclude Include="oem.hxx" />
    <ClInclude Include="oemptprovider.hxx" />
    <ClInclude Include="precomp.hxx" />
    <ClInclude Include="printschema.hxx" />
    <ClInclude Include="xmlhandler.hxx" />
    <ClInclude Include="debug.hxx">
      <Filter>Header Files</Filter>
    </ClInclude>
    <ClInclude Include="globals.hxx" />
    <ClInclude Include="intrface.hxx" />
    <ClInclude Include="oem.hxx" />
    <ClInclude Include="oemptprovider.hxx" />
    <ClInclude Include="precomp.hxx" />
    <ClInclude Include="printschema.hxx" />
    <ClInclude Include="xmlhandler.hxx" />
    <ClInclude Include="debug.hxx">
      <Filter>Header Files</Filter>
    </ClInclude>
    <ClInclude Include="globals.hxx" />
    <ClInclude Include="intrface.hxx" />
    <ClInclude Include="oem.hxx" />
    <ClInclude Include="oemptprovider.hxx" />
    <ClInclude Include="precomp.hxx" />
    <ClInclude Include="printschema.hxx" />
    <ClInclude Include="xmlhandler.hxx" />
    <ClInclude Include="debug.hxx">
      <Filter>Header Files</Filter>
    </ClInclude>
    <ClInclude Include="globals.hxx" />
    <ClInclude Include="intrface.hxx" />
    <ClInclude Include="oem.hxx" />
    <ClInclude Include="oemptprovider.hxx" />
    <ClInclude Include="precomp.hxx" />
    <ClInclude Include="printschema.hxx" />
    <ClInclude Include="xmlhandler.hxx" />
    <ClInclude Include="debug.hxx">
      <Filter>Header Files</Filter>
    </ClInclude>
    <ClInclude Include="globals.hxx" />
    <ClInclude Include="intrface.hxx" />
    <ClInclude Include="oem.hxx" />
    <ClInclude Include="oemptprovider.hxx" />
    <ClInclude Include="precomp.hxx" />
    <ClInclude Include="printschema.hxx" />
    <ClInclude Include="xmlhandler.hxx" />
    <ClInclude Include="debug.hxx">
      <Filter>Header Files</Filter>
    </ClInclude>
    <ClInclude Include="globals.hxx" />
    <ClInclude Include="intrface.hxx" />
    <ClInclude Include="oem.hxx" />
    <ClInclude Include="oemptprovider.hxx" />
    <ClInclude Include="precomp.hxx" />
    <ClInclude Include="printschema.hxx" />
    <ClInclude Include="xmlhandler.hxx" />
    <ClInclude Include="debug.hxx">
      <Filter>Header Files</Filter>
    </ClInclude>
    <ClInclude Include="globals.hxx" />
    <ClInclude Include="intrface.hxx" />
    <ClInclude Include="oem.hxx" />
    <ClInclude Include="oemptprovider.hxx" />
    <ClInclude Include="precomp.hxx" />
    <ClInclude Include="printschema.hxx" />
    <ClInclude Include="xmlhandler.hxx" />
    <ClInclude Include="debug.hxx">
      <Filter>Header Files</Filter>
    </ClInclude>
    <ClInclude Include="globals.hxx" />
    <ClInclude Include="intrface.hxx" />
    <ClInclude Include="oem.hxx" />
    <ClInclude Include="oemptprovider.hxx" />
    <ClInclude Include="precomp.hxx" />
    <ClInclude Include="printschema.hxx" />
    <ClInclude Include="xmlhandler.hxx" />
    <ClInclude Include="debug.hxx">
      <Filter>Header Files</Filter>
    </ClInclude>
    <ClInclude Include="globals.hxx" />
    <ClInclude Include="intrface.hxx" />
    <ClInclude Include="oem.hxx" />
    <ClInclude Include="oemptprovider.hxx" />
    <ClInclude Include="precomp.hxx" />
    <ClInclude Include="printschema.hxx" />
    <ClInclude Include="xmlhandler.hxx" />
    <ClInclude Include="debug.hxx">
      <Filter>Header Files</Filter>
    </ClInclude>
    <ClInclude Include="globals.hxx" />
    <ClInclude Include="intrface.hxx" />
    <ClInclude Include="oem.hxx" />
    <ClInclude Include="oemptprovider.hxx" />
    <ClInclude Include="precomp.hxx" />
    <ClInclude Include="printschema.hxx" />
    <ClInclude Include="xmlhandler.hxx" />
    <ClInclude Include="debug.hxx">
      <Filter>Header Files</Filter>
    </ClInclude>
    <ClInclude Include="globals.hxx" />
    <ClInclude Include="intrface.hxx" />
    <ClInclude Include="oem.hxx" />
    <ClInclude Include="oemptprovider.hxx" />
    <ClInclude Include="precomp.hxx" />
    <ClInclude Include="printschema.hxx" />
    <ClInclude Include="xmlhandler.hxx" />
    <ClInclude Include="debug.hxx">
      <Filter>Header Files</Filter>
    </ClInclude>
    <ClInclude Include="globals.hxx" />
    <ClInclude Include="intrface.hxx" />
    <ClInclude Include="oem.hxx" />
    <ClInclude Include="oemptprovider.hxx" />
    <ClInclude Include="precomp.hxx" />
    <ClInclude Include="printschema.hxx" />
    <ClInclude Include="xmlhandler.hxx" />
    <ClInclude Include="debug.hxx">
      <Filter>Header Files</Filter>
    </ClInclude>
    <ClInclude Include="globals.hxx" />
    <ClInclude Include="intrface.hxx" />
    <ClInclude Include="oem.hxx" />
    <ClInclude Include="oemptprovider.hxx" />
    <ClInclude Include="precomp.hxx" />
    <ClInclude Include="printschema.hxx" />
    <ClInclude Include="xmlhandler.hxx" />
    <ClInclude Include="debug.hxx">
      <Filter>Header Files</Filter>
    </ClInclude>
    <ClInclude Include="globals.hxx" />
    <ClInclude Include="intrface.hxx" />
    <ClInclude Include="oem.hxx" />
    <ClInclude Include="oemptprovider.hxx" />
    <ClInclude Include="precomp.hxx" />
    <ClInclude Include="printschema.hxx" />
    <ClInclude Include="xmlhandler.hxx" />
    <ClInclude Include="debug.hxx">
      <Filter>Header Files</Filter>
    </ClInclude>
    <ClInclude Include="globals.hxx" />
    <ClInclude Include="intrface.hxx" />
    <ClInclude Include="oem.hxx" />
    <ClInclude Include="oemptprovider.hxx" />
    <ClInclude Include="precomp.hxx" />
    <ClInclude Include="printschema.hxx" />
    <ClInclude Include="xmlhandler.hxx" />
  </ItemGroup>
  <ItemGroup>
    <ResourceCompile Include="PTPCPlPr.rc">
      <Filter>Resource Files</Filter>
    </ResourceCompile>
  </ItemGroup>
  <ItemGroup>
    <None Include="ptpcplpr.def">
      <Filter>Source Files</Filter>
    </None>
  </ItemGroup>
</Project>