<?xml version="1.0" encoding="utf-8"?>
<Project ToolsVersion="4.0" xmlns="http://schemas.microsoft.com/developer/msbuild/2003">
  <ItemGroup>
    <Filter Include="Source Files">
      <Extensions>cpp;c;cc;cxx;def;odl;idl;hpj;bat;asm;asmx;*</Extensions>
      <UniqueIdentifier>{088C6D92-3084-464D-B6CD-B47E67D278B5}</UniqueIdentifier>
    </Filter>
    <Filter Include="Header Files">
      <Extensions>h;hpp;hxx;hm;inl;inc;xsd</Extensions>
      <UniqueIdentifier>{EDCAD0DA-E747-487E-8458-BAC6BA5E5744}</UniqueIdentifier>
    </Filter>
    <Filter Include="Resource Files">
      <Extensions>rc;ico;cur;bmp;dlg;rc2;rct;bin;rgs;gif;jpg;jpeg;jpe;resx;tiff;tif;png;wav;mfcribbon-ms;man;xml</Extensions>
      <UniqueIdentifier>{9F1E323E-8118-4CAC-8124-DA41F78075BE}</UniqueIdentifier>
    </Filter>
    <Filter Include="Driver Files">
      <Extensions>inf;inv;inx;mof;mc;</Extensions>
      <UniqueIdentifier>{5EA1AAE7-3C58-475C-84F0-40DCDF8823E9}</UniqueIdentifier>
    </Filter>
  </ItemGroup>
  <ItemGroup>
    <ClCompile Include="..\debug.c">
      <Filter>Source Files</Filter>
    </ClCompile>
    <ClCompile Include="..\ExCallbk.c">
      <Filter>Source Files</Filter>
    </ClCompile>
    <ClCompile Include="..\ndisbind.c">
      <Filter>Source Files</Filter>
    </ClCompile>
    <ClCompile Include="..\ntdisp.c">
      <Filter>Source Files</Filter>
    </ClCompile>
    <ClCompile Include="..\recv.c">
      <Filter>Source Files</Filter>
    </ClCompile>
    <ClCompile Include="..\send.c">
      <Filter>Source Files</Filter>
    </ClCompile>
    <ClCompile Include="precompsrc.c">
      <Filter>Source Files</Filter>
    </ClCompile>
  </ItemGroup>
  <ItemGroup>
    <ResourceCompile Include="ndisprot630.rc">
      <Filter>Resource Files</Filter>
    </ResourceCompile>
  </ItemGroup>
</Project>