<?xml version="1.0" encoding="utf-8"?>
<Project ToolsVersion="4.0" xmlns="http://schemas.microsoft.com/developer/msbuild/2003">
  <ItemGroup>
    <Filter Include="Source Files">
      <Extensions>cpp;c;cc;cxx;def;odl;idl;hpj;bat;asm;asmx;*</Extensions>
      <UniqueIdentifier>{902F6120-4AA1-4898-A1FD-6A44ADCFA148}</UniqueIdentifier>
    </Filter>
    <Filter Include="Header Files">
      <Extensions>h;hpp;hxx;hm;inl;inc;xsd</Extensions>
      <UniqueIdentifier>{B764DF51-5FA0-4F05-B3AE-E7ABC15ABE89}</UniqueIdentifier>
    </Filter>
    <Filter Include="Resource Files">
      <Extensions>rc;ico;cur;bmp;dlg;rc2;rct;bin;rgs;gif;jpg;jpeg;jpe;resx;tiff;tif;png;wav;mfcribbon-ms;man;xml</Extensions>
      <UniqueIdentifier>{1B5253D4-F3D5-4321-9E40-0E3E74955606}</UniqueIdentifier>
    </Filter>
  </ItemGroup>
  <ItemGroup>
    <ClCompile Include="debug.c">
      <Filter>Source Files</Filter>
    </ClCompile>
    <ClCompile Include="devnode.c">
      <Filter>Source Files</Filter>
    </ClCompile>
    <ClCompile Include="dispaud.c">
      <Filter>Source Files</Filter>
    </ClCompile>
    <ClCompile Include="display.c">
      <Filter>Source Files</Filter>
    </ClCompile>
    <ClCompile Include="dispvid.c">
      <Filter>Source Files</Filter>
    </ClCompile>
    <ClCompile Include="enum.c">
      <Filter>Source Files</Filter>
    </ClCompile>
    <ClCompile Include="h264.c">
      <Filter>Source Files</Filter>
    </ClCompile>
    <ClCompile Include="uvcview.c">
      <Filter>Source Files</Filter>
    </ClCompile>
    <ClCompile Include="xmlhelper.cpp">
      <Filter>Source Files</Filter>
    </ClCompile>
  </ItemGroup>
  <ItemGroup>
    <ResourceCompile Include="uvcview.rc">
      <Filter>Resource Files</Filter>
    </ResourceCompile>
  </ItemGroup>
</Project>