<?xml version="1.0" encoding="utf-8"?>
<Project ToolsVersion="4.0" xmlns="http://schemas.microsoft.com/developer/msbuild/2003">
  <ItemGroup>
    <Filter Include="Source Files">
      <Extensions>cpp;c;cc;cxx;def;odl;idl;hpj;bat;asm;asmx;*</Extensions>
      <UniqueIdentifier>{A5B06A84-D70F-4D83-B76D-FEA4F09EE4FC}</UniqueIdentifier>
    </Filter>
    <Filter Include="Header Files">
      <Extensions>h;hpp;hxx;hm;inl;inc;xsd</Extensions>
      <UniqueIdentifier>{B738D047-A23C-43C1-9D52-3E0AC54B5C3D}</UniqueIdentifier>
    </Filter>
    <Filter Include="Resource Files">
      <Extensions>rc;ico;cur;bmp;dlg;rc2;rct;bin;rgs;gif;jpg;jpeg;jpe;resx;tiff;tif;png;wav;mfcribbon-ms;man;xml</Extensions>
      <UniqueIdentifier>{9A02D86B-B4BE-4C57-BD3E-ADD87EE33EE9}</UniqueIdentifier>
    </Filter>
    <Filter Include="Driver Files">
      <Extensions>inf;inv;inx;mof;mc;</Extensions>
      <UniqueIdentifier>{000E9CB4-5A60-438C-8F77-72AE7E890BB8}</UniqueIdentifier>
    </Filter>
  </ItemGroup>
  <ItemGroup>
    <ClCompile Include="HwSim.c">
      <Filter>Source Files</Filter>
    </ClCompile>
    <ClCompile Include="WdfMultiComp.c">
      <Filter>Source Files</Filter>
    </ClCompile>
  </ItemGroup>
  <ItemGroup>
    <FilesToPackage Include=".\Debug\\WdfMultiComp.inf">
      <Filter>Driver Files</Filter>
    </FilesToPackage>
    <Inf Include="WdfMultiComp.inx">
      <Filter>Driver Files</Filter>
    </Inf>
  </ItemGroup>
</Project>