<?xml version="1.0" encoding="utf-8"?>
<Project ToolsVersion="4.0" xmlns="http://schemas.microsoft.com/developer/msbuild/2003">
  <ItemGroup>
    <Filter Include="Source Files">
      <Extensions>cpp;c;cc;cxx;def;odl;idl;hpj;bat;asm;asmx;*</Extensions>
      <UniqueIdentifier>{06AF9F9E-A01B-4811-AC1D-93436B508BA2}</UniqueIdentifier>
    </Filter>
    <Filter Include="Header Files">
      <Extensions>h;hpp;hxx;hm;inl;inc;xsd</Extensions>
      <UniqueIdentifier>{8622716C-DDFC-41F0-AA13-E1FA6FF65319}</UniqueIdentifier>
    </Filter>
    <Filter Include="Resource Files">
      <Extensions>rc;ico;cur;bmp;dlg;rc2;rct;bin;rgs;gif;jpg;jpeg;jpe;resx;tiff;tif;png;wav;mfcribbon-ms;man;xml</Extensions>
      <UniqueIdentifier>{A71D839D-75EE-4F0F-AEF8-2892391ED123}</UniqueIdentifier>
    </Filter>
    <Filter Include="Driver Files">
      <Extensions>inf;inv;inx;mof;mc;</Extensions>
      <UniqueIdentifier>{6647DA6B-FEFD-492E-B3FD-A3AFCDAC7AFD}</UniqueIdentifier>
    </Filter>
  </ItemGroup>
  <ItemGroup>
    <ClCompile Include="precompsrc.c">
      <Filter>Source Files</Filter>
    </ClCompile>
    <ClCompile Include="SxBase.c">
      <Filter>Source Files</Filter>
    </ClCompile>
    <ClCompile Include="SxLibrary.c">
      <Filter>Source Files</Filter>
    </ClCompile>
  </ItemGroup>
</Project>