
Microsoft Visual Studio Solution File, Format Version 12.00
# Visual Studio 2013
VisualStudioVersion = 12.0
MinimumVisualStudioVersion = 12.0
Project("{2150E333-8FDC-42A3-9474-1A3956D46DE8}") = "Exe", "Exe", "{54DDD01C-98B2-4DF0-ABD4-FFFA5E8AF6E6}"
EndProject
Project("{2150E333-8FDC-42A3-9474-1A3956D46DE8}") = "Sys", "Sys", "{4DC3A66B-04A0-4561-8E12-9E7C15E84931}"
EndProject
Project("{8BC9CEB8-8B4A-11D0-8D11-00A0C91BC942}") = "regctrl", "exe\regctrl.vcxproj", "{80F2FF9A-F64D-4BC8-B469-C498268F0893}"
EndProject
Project("{8BC9CEB8-8B4A-11D0-8D11-00A0C91BC942}") = "regfltr", "sys\regfltr.vcxproj", "{5DD375CD-55ED-4473-ACF1-603E816B1B7F}"
EndProject
Global
	GlobalSection(SolutionConfigurationPlatforms) = preSolution
		Debug|Win32 = Debug|Win32
		Release|Win32 = Release|Win32
		Debug|x64 = Debug|x64
		Release|x64 = Release|x64
	EndGlobalSection
	GlobalSection(ProjectConfigurationPlatforms) = postSolution
		{80F2FF9A-F64D-4BC8-B469-C498268F0893}.Debug|Win32.ActiveCfg = Debug|Win32
		{80F2FF9A-F64D-4BC8-B469-C498268F0893}.Debug|Win32.Build.0 = Debug|Win32
		{80F2FF9A-F64D-4BC8-B469-C498268F0893}.Release|Win32.ActiveCfg = Release|Win32
		{80F2FF9A-F64D-4BC8-B469-C498268F0893}.Release|Win32.Build.0 = Release|Win32
		{80F2FF9A-F64D-4BC8-B469-C498268F0893}.Debug|x64.ActiveCfg = Debug|x64
		{80F2FF9A-F64D-4BC8-B469-C498268F0893}.Debug|x64.Build.0 = Debug|x64
		{80F2FF9A-F64D-4BC8-B469-C498268F0893}.Release|x64.ActiveCfg = Release|x64
		{80F2FF9A-F64D-4BC8-B469-C498268F0893}.Release|x64.Build.0 = Release|x64
		{5DD375CD-55ED-4473-ACF1-603E816B1B7F}.Debug|Win32.ActiveCfg = Debug|Win32
		{5DD375CD-55ED-4473-ACF1-603E816B1B7F}.Debug|Win32.Build.0 = Debug|Win32
		{5DD375CD-55ED-4473-ACF1-603E816B1B7F}.Release|Win32.ActiveCfg = Release|Win32
		{5DD375CD-55ED-4473-ACF1-603E816B1B7F}.Release|Win32.Build.0 = Release|Win32
		{5DD375CD-55ED-4473-ACF1-603E816B1B7F}.Debug|x64.ActiveCfg = Debug|x64
		{5DD375CD-55ED-4473-ACF1-603E816B1B7F}.Debug|x64.Build.0 = Debug|x64
		{5DD375CD-55ED-4473-ACF1-603E816B1B7F}.Release|x64.ActiveCfg = Release|x64
		{5DD375CD-55ED-4473-ACF1-603E816B1B7F}.Release|x64.Build.0 = Release|x64
	EndGlobalSection
	GlobalSection(SolutionProperties) = preSolution
		HideSolutionNode = FALSE
	EndGlobalSection
	GlobalSection(NestedProjects) = preSolution
		{80F2FF9A-F64D-4BC8-B469-C498268F0893} = {54DDD01C-98B2-4DF0-ABD4-FFFA5E8AF6E6}
		{5DD375CD-55ED-4473-ACF1-603E816B1B7F} = {4DC3A66B-04A0-4561-8E12-9E7C15E84931}
	EndGlobalSection
EndGlobal
