<?xml version="1.0" encoding="utf-8"?>
<Project ToolsVersion="4.0" xmlns="http://schemas.microsoft.com/developer/msbuild/2003">
  <ItemGroup>
    <Filter Include="Source Files">
      <Extensions>cpp;c;cc;cxx;def;odl;idl;hpj;bat;asm;asmx;*</Extensions>
      <UniqueIdentifier>{0CD3E75F-8D40-4264-B579-7CA300A9F466}</UniqueIdentifier>
    </Filter>
    <Filter Include="Header Files">
      <Extensions>h;hpp;hxx;hm;inl;inc;xsd</Extensions>
      <UniqueIdentifier>{E1482037-819F-42C2-8DC7-4E9CE5611C32}</UniqueIdentifier>
    </Filter>
    <Filter Include="Resource Files">
      <Extensions>rc;ico;cur;bmp;dlg;rc2;rct;bin;rgs;gif;jpg;jpeg;jpe;resx;tiff;tif;png;wav;mfcribbon-ms;man;xml</Extensions>
      <UniqueIdentifier>{3F288E23-A157-4F1F-9D76-99A7C00BCE32}</UniqueIdentifier>
    </Filter>
  </ItemGroup>
  <ItemGroup>
    <ClCompile Include="dllentry.cpp">
      <Filter>Source Files</Filter>
    </ClCompile>
    <ClCompile Include="precompsrc.cpp">
      <Filter>Source Files</Filter>
    </ClCompile>
    <ClCompile Include="wmbase.cpp">
      <Filter>Source Files</Filter>
    </ClCompile>
    <ClCompile Include="wmflt.cpp">
      <Filter>Source Files</Filter>
    </ClCompile>
    <ClCompile Include="wmfont.cpp">
      <Filter>Source Files</Filter>
    </ClCompile>
    <ClCompile Include="wmimg.cpp">
      <Filter>Source Files</Filter>
    </ClCompile>
    <ClCompile Include="wmptprop.cpp">
      <Filter>Source Files</Filter>
    </ClCompile>
    <ClCompile Include="wmrast.cpp">
      <Filter>Source Files</Filter>
    </ClCompile>
    <ClCompile Include="wmsax.cpp">
      <Filter>Source Files</Filter>
    </ClCompile>
    <ClCompile Include="wmtext.cpp">
      <Filter>Source Files</Filter>
    </ClCompile>
    <ClCompile Include="wmvect.cpp">
      <Filter>Source Files</Filter>
    </ClCompile>
    <ClCompile Include="wmxps.cpp">
      <Filter>Source Files</Filter>
    </ClCompile>
    <None Include="xdwmark.def">
      <Filter>Source Files</Filter>
    </None>
  </ItemGroup>
  <ItemGroup>
    <ResourceCompile Include="wmflt.rc">
      <Filter>Resource Files</Filter>
    </ResourceCompile>
  </ItemGroup>
</Project>