
Microsoft Visual Studio Solution File, Format Version 12.00
# Visual Studio 2013
VisualStudioVersion = 12.0
MinimumVisualStudioVersion = 12.0
Project("{2150E333-8FDC-42A3-9474-1A3956D46DE8}") = "Driver", "Driver", "{8367199C-3B22-414B-BD8D-780BB74E06C6}"
EndProject
Project("{2150E333-8FDC-42A3-9474-1A3956D46DE8}") = "Exe", "Exe", "{002D6001-0177-4A2D-8CDF-6F2F6A9CAAB6}"
EndProject
Project("{8BC9CEB8-8B4A-11D0-8D11-00A0C91BC942}") = "WUDFOsrUsbFx2", "driver\WUDFOsrUsbFx2.vcxproj", "{BCB0C08D-E6FC-4FE6-BFDE-723B3706FA53}"
EndProject
Project("{8BC9CEB8-8B4A-11D0-8D11-00A0C91BC942}") = "WudfOsrUsbFx2Test", "exe\WudfOsrUsbFx2Test.vcxproj", "{24745B15-B6D2-4D1A-AB27-C0F38B1C0086}"
EndProject
Global
	GlobalSection(SolutionConfigurationPlatforms) = preSolution
		Debug|Win32 = Debug|Win32
		Release|Win32 = Release|Win32
		Debug|x64 = Debug|x64
		Release|x64 = Release|x64
	EndGlobalSection
	GlobalSection(ProjectConfigurationPlatforms) = postSolution
		{BCB0C08D-E6FC-4FE6-BFDE-723B3706FA53}.Debug|Win32.ActiveCfg = Debug|Win32
		{BCB0C08D-E6FC-4FE6-BFDE-723B3706FA53}.Debug|Win32.Build.0 = Debug|Win32
		{BCB0C08D-E6FC-4FE6-BFDE-723B3706FA53}.Release|Win32.ActiveCfg = Release|Win32
		{BCB0C08D-E6FC-4FE6-BFDE-723B3706FA53}.Release|Win32.Build.0 = Release|Win32
		{BCB0C08D-E6FC-4FE6-BFDE-723B3706FA53}.Debug|x64.ActiveCfg = Debug|x64
		{BCB0C08D-E6FC-4FE6-BFDE-723B3706FA53}.Debug|x64.Build.0 = Debug|x64
		{BCB0C08D-E6FC-4FE6-BFDE-723B3706FA53}.Release|x64.ActiveCfg = Release|x64
		{BCB0C08D-E6FC-4FE6-BFDE-723B3706FA53}.Release|x64.Build.0 = Release|x64
		{24745B15-B6D2-4D1A-AB27-C0F38B1C0086}.Debug|Win32.ActiveCfg = Debug|Win32
		{24745B15-B6D2-4D1A-AB27-C0F38B1C0086}.Debug|Win32.Build.0 = Debug|Win32
		{24745B15-B6D2-4D1A-AB27-C0F38B1C0086}.Release|Win32.ActiveCfg = Release|Win32
		{24745B15-B6D2-4D1A-AB27-C0F38B1C0086}.Release|Win32.Build.0 = Release|Win32
		{24745B15-B6D2-4D1A-AB27-C0F38B1C0086}.Debug|x64.ActiveCfg = Debug|x64
		{24745B15-B6D2-4D1A-AB27-C0F38B1C0086}.Debug|x64.Build.0 = Debug|x64
		{24745B15-B6D2-4D1A-AB27-C0F38B1C0086}.Release|x64.ActiveCfg = Release|x64
		{24745B15-B6D2-4D1A-AB27-C0F38B1C0086}.Release|x64.Build.0 = Release|x64
	EndGlobalSection
	GlobalSection(SolutionProperties) = preSolution
		HideSolutionNode = FALSE
	EndGlobalSection
	GlobalSection(NestedProjects) = preSolution
		{BCB0C08D-E6FC-4FE6-BFDE-723B3706FA53} = {8367199C-3B22-414B-BD8D-780BB74E06C6}
		{24745B15-B6D2-4D1A-AB27-C0F38B1C0086} = {002D6001-0177-4A2D-8CDF-6F2F6A9CAAB6}
	EndGlobalSection
EndGlobal
