<?xml version="1.0" encoding="utf-8"?>
<Project ToolsVersion="4.0" xmlns="http://schemas.microsoft.com/developer/msbuild/2003">
  <ItemGroup>
    <Filter Include="Source Files">
      <Extensions>cpp;c;cc;cxx;def;odl;idl;hpj;bat;asm;asmx;*</Extensions>
      <UniqueIdentifier>{EE35ADBF-437F-44A1-AEB4-3D19EF5C2780}</UniqueIdentifier>
    </Filter>
    <Filter Include="Header Files">
      <Extensions>h;hpp;hxx;hm;inl;inc;xsd</Extensions>
      <UniqueIdentifier>{410E5228-572D-4CA9-9BE0-7E6253581D2C}</UniqueIdentifier>
    </Filter>
    <Filter Include="Resource Files">
      <Extensions>rc;ico;cur;bmp;dlg;rc2;rct;bin;rgs;gif;jpg;jpeg;jpe;resx;tiff;tif;png;wav;mfcribbon-ms;man;xml</Extensions>
      <UniqueIdentifier>{9CC2DED3-ECF7-44E8-9B14-0E15C5605D38}</UniqueIdentifier>
    </Filter>
    <Filter Include="Driver Files">
      <Extensions>inf;inv;inx;mof;mc;</Extensions>
      <UniqueIdentifier>{EFFDD7BB-33E7-46CF-970E-ECC2FEA081D5}</UniqueIdentifier>
    </Filter>
  </ItemGroup>
  <ItemGroup>
    <ClCompile Include="Device.cpp">
      <Filter>Source Files</Filter>
    </ClCompile>
    <ClCompile Include="Driver.cpp">
      <Filter>Source Files</Filter>
    </ClCompile>
    <ClCompile Include="FakeContactContent.cpp">
      <Filter>Source Files</Filter>
    </ClCompile>
    <ClCompile Include="FakeContactsService.cpp">
      <Filter>Source Files</Filter>
    </ClCompile>
    <ClCompile Include="FakeContactsServiceContent.cpp">
      <Filter>Source Files</Filter>
    </ClCompile>
    <ClCompile Include="FakeContent.cpp">
      <Filter>Source Files</Filter>
    </ClCompile>
    <ClCompile Include="FakeDevice.cpp">
      <Filter>Source Files</Filter>
    </ClCompile>
    <ClCompile Include="FakeDeviceContent.cpp">
      <Filter>Source Files</Filter>
    </ClCompile>
    <ClCompile Include="FakeStorage.cpp">
      <Filter>Source Files</Filter>
    </ClCompile>
    <ClCompile Include="helpers.cpp">
      <Filter>Source Files</Filter>
    </ClCompile>
    <ClCompile Include="Queue.cpp">
      <Filter>Source Files</Filter>
    </ClCompile>
    <ClCompile Include="Stdafxsrc.cpp">
      <Filter>Source Files</Filter>
    </ClCompile>
    <ClCompile Include="WpdBaseDriver.cpp">
      <Filter>Source Files</Filter>
    </ClCompile>
    <ClCompile Include="WpdCapabilities.cpp">
      <Filter>Source Files</Filter>
    </ClCompile>
    <ClCompile Include="WpdObjectEnum.cpp">
      <Filter>Source Files</Filter>
    </ClCompile>
    <ClCompile Include="WpdObjectManagement.cpp">
      <Filter>Source Files</Filter>
    </ClCompile>
    <ClCompile Include="WpdObjectProperties.cpp">
      <Filter>Source Files</Filter>
    </ClCompile>
    <ClCompile Include="WpdObjectPropertiesBulk.cpp">
      <Filter>Source Files</Filter>
    </ClCompile>
    <ClCompile Include="WpdObjectResources.cpp">
      <Filter>Source Files</Filter>
    </ClCompile>
    <ClCompile Include="WpdService.cpp">
      <Filter>Source Files</Filter>
    </ClCompile>
    <ClCompile Include="WpdServiceCapabilities.cpp">
      <Filter>Source Files</Filter>
    </ClCompile>
    <ClCompile Include="WpdServiceMethods.cpp">
      <Filter>Source Files</Filter>
    </ClCompile>
    <ClCompile Include="WpdServiceSampleDriver.cpp">
      <Filter>Source Files</Filter>
    </ClCompile>
    <Midl Include="WpdServiceSampleDriver.idl">
      <Filter>Source Files</Filter>
    </Midl>
    <None Include="WpdServiceSampleDriver.def">
      <Filter>Source Files</Filter>
    </None>
  </ItemGroup>
  <ItemGroup>
    <FilesToPackage Include=".\Debug\\WpdServiceSampleDriver.inf">
      <Filter>Driver Files</Filter>
    </FilesToPackage>
    <Inf Include="WpdServiceSampleDriver.inx">
      <Filter>Driver Files</Filter>
    </Inf>
  </ItemGroup>
  <ItemGroup>
    <ResourceCompile Include="WpdServiceSampleDriver.rc">
      <Filter>Resource Files</Filter>
    </ResourceCompile>
  </ItemGroup>
  <ItemGroup>
    <ClInclude Include="WpdObjectResources.h">
      <Filter>Header Files</Filter>
    </ClInclude>
  </ItemGroup>
</Project>