<?xml version="1.0" encoding="utf-8"?>
<Project ToolsVersion="4.0" xmlns="http://schemas.microsoft.com/developer/msbuild/2003">
  <ItemGroup>
    <Filter Include="Source Files">
      <Extensions>cpp;c;cc;cxx;def;odl;idl;hpj;bat;asm;asmx;*</Extensions>
      <UniqueIdentifier>{4614A6EB-0DDA-4E7D-B6B7-1AC9BF5F6AAA}</UniqueIdentifier>
    </Filter>
    <Filter Include="Header Files">
      <Extensions>h;hpp;hxx;hm;inl;inc;xsd</Extensions>
      <UniqueIdentifier>{A95E3765-07D5-45E1-B82E-8D9EF61CD4BC}</UniqueIdentifier>
    </Filter>
    <Filter Include="Resource Files">
      <Extensions>rc;ico;cur;bmp;dlg;rc2;rct;bin;rgs;gif;jpg;jpeg;jpe;resx;tiff;tif;png;wav;mfcribbon-ms;man;xml</Extensions>
      <UniqueIdentifier>{4E3D8A20-8B42-428D-AAEB-A5BA3C5C33C5}</UniqueIdentifier>
    </Filter>
    <Filter Include="Driver Files">
      <Extensions>inf;inv;inx;mof;mc;</Extensions>
      <UniqueIdentifier>{C6A2211E-78CA-4EFF-85FD-A921F4F8EB29}</UniqueIdentifier>
    </Filter>
  </ItemGroup>
  <ItemGroup>
    <ClCompile Include="..\driver.c">
      <Filter>Source Files</Filter>
    </ClCompile>
    <ClCompile Include="..\fdo.c">
      <Filter>Source Files</Filter>
    </ClCompile>
    <ClCompile Include="..\io.c">
      <Filter>Source Files</Filter>
    </ClCompile>
    <ClCompile Include="..\pdo.c">
      <Filter>Source Files</Filter>
    </ClCompile>
    <ClCompile Include="device.c">
      <Filter>Source Files</Filter>
    </ClCompile>
  </ItemGroup>
  <ItemGroup>
    <FilesToPackage Include=".\Debug\\SerialBusWdk.inf">
      <Filter>Driver Files</Filter>
    </FilesToPackage>
    <Inf Include=".\SerialBusWdk.inx">
      <Filter>Driver Files</Filter>
    </Inf>
  </ItemGroup>
  <ItemGroup>
    <ResourceCompile Include="driver.rc">
      <Filter>Resource Files</Filter>
    </ResourceCompile>
  </ItemGroup>
</Project>