
Microsoft Visual Studio Solution File, Format Version 12.00
# Visual Studio 2013
VisualStudioVersion = 12.0
MinimumVisualStudioVersion = 12.0
Project("{2150E333-8FDC-42A3-9474-1A3956D46DE8}") = "Exe", "Exe", "{05ABA65F-2F21-4F5E-A1D5-DD008F644663}"
EndProject
Project("{2150E333-8FDC-42A3-9474-1A3956D46DE8}") = "Sys", "Sys", "{D5D0F833-0D75-4099-9A7F-B016159FC352}"
EndProject
Project("{8BC9CEB8-8B4A-11D0-8D11-00A0C91BC942}") = "ioctlapp", "exe\ioctlapp.vcxproj", "{2B0BDC9E-ABF1-48DD-9814-7553B8D52725}"
EndProject
Project("{8BC9CEB8-8B4A-11D0-8D11-00A0C91BC942}") = "sioctl", "sys\sioctl.vcxproj", "{8A61FFBC-9D75-43B0-9715-B75E1BD3BFC0}"
EndProject
Global
	GlobalSection(SolutionConfigurationPlatforms) = preSolution
		Debug|Win32 = Debug|Win32
		Release|Win32 = Release|Win32
		Debug|x64 = Debug|x64
		Release|x64 = Release|x64
	EndGlobalSection
	GlobalSection(ProjectConfigurationPlatforms) = postSolution
		{2B0BDC9E-ABF1-48DD-9814-7553B8D52725}.Debug|Win32.ActiveCfg = Debug|Win32
		{2B0BDC9E-ABF1-48DD-9814-7553B8D52725}.Debug|Win32.Build.0 = Debug|Win32
		{2B0BDC9E-ABF1-48DD-9814-7553B8D52725}.Release|Win32.ActiveCfg = Release|Win32
		{2B0BDC9E-ABF1-48DD-9814-7553B8D52725}.Release|Win32.Build.0 = Release|Win32
		{2B0BDC9E-ABF1-48DD-9814-7553B8D52725}.Debug|x64.ActiveCfg = Debug|x64
		{2B0BDC9E-ABF1-48DD-9814-7553B8D52725}.Debug|x64.Build.0 = Debug|x64
		{2B0BDC9E-ABF1-48DD-9814-7553B8D52725}.Release|x64.ActiveCfg = Release|x64
		{2B0BDC9E-ABF1-48DD-9814-7553B8D52725}.Release|x64.Build.0 = Release|x64
		{8A61FFBC-9D75-43B0-9715-B75E1BD3BFC0}.Debug|Win32.ActiveCfg = Debug|Win32
		{8A61FFBC-9D75-43B0-9715-B75E1BD3BFC0}.Debug|Win32.Build.0 = Debug|Win32
		{8A61FFBC-9D75-43B0-9715-B75E1BD3BFC0}.Release|Win32.ActiveCfg = Release|Win32
		{8A61FFBC-9D75-43B0-9715-B75E1BD3BFC0}.Release|Win32.Build.0 = Release|Win32
		{8A61FFBC-9D75-43B0-9715-B75E1BD3BFC0}.Debug|x64.ActiveCfg = Debug|x64
		{8A61FFBC-9D75-43B0-9715-B75E1BD3BFC0}.Debug|x64.Build.0 = Debug|x64
		{8A61FFBC-9D75-43B0-9715-B75E1BD3BFC0}.Release|x64.ActiveCfg = Release|x64
		{8A61FFBC-9D75-43B0-9715-B75E1BD3BFC0}.Release|x64.Build.0 = Release|x64
	EndGlobalSection
	GlobalSection(SolutionProperties) = preSolution
		HideSolutionNode = FALSE
	EndGlobalSection
	GlobalSection(NestedProjects) = preSolution
		{2B0BDC9E-ABF1-48DD-9814-7553B8D52725} = {05ABA65F-2F21-4F5E-A1D5-DD008F644663}
		{8A61FFBC-9D75-43B0-9715-B75E1BD3BFC0} = {D5D0F833-0D75-4099-9A7F-B016159FC352}
	EndGlobalSection
EndGlobal
