<?xml version="1.0" encoding="utf-8"?>
<Project ToolsVersion="4.0" xmlns="http://schemas.microsoft.com/developer/msbuild/2003">
  <ItemGroup>
    <Filter Include="Source Files">
      <Extensions>cpp;c;cc;cxx;def;odl;idl;hpj;bat;asm;asmx;*</Extensions>
      <UniqueIdentifier>{6CFEAA33-503C-4C96-96CC-C4FA37D46713}</UniqueIdentifier>
    </Filter>
    <Filter Include="Header Files">
      <Extensions>h;hpp;hxx;hm;inl;inc;xsd</Extensions>
      <UniqueIdentifier>{F836959F-7FDA-423C-AF5E-10951177293C}</UniqueIdentifier>
    </Filter>
    <Filter Include="Resource Files">
      <Extensions>rc;ico;cur;bmp;dlg;rc2;rct;bin;rgs;gif;jpg;jpeg;jpe;resx;tiff;tif;png;wav;mfcribbon-ms;man;xml</Extensions>
      <UniqueIdentifier>{C3AEE0DB-ED86-4457-8872-36EA5C7B7BDE}</UniqueIdentifier>
    </Filter>
  </ItemGroup>
  <ItemGroup>
    <ClCompile Include="precompsrc.cpp">
      <Filter>Source Files</Filter>
    </ClCompile>
    <ClCompile Include="ptmanage.cpp">
      <Filter>Source Files</Filter>
    </ClCompile>
    <ClCompile Include="rescache.cpp">
      <Filter>Source Files</Filter>
    </ClCompile>
    <ClCompile Include="rescpy.cpp">
      <Filter>Source Files</Filter>
    </ClCompile>
    <ClCompile Include="saxhndlr.cpp">
      <Filter>Source Files</Filter>
    </ClCompile>
    <ClCompile Include="widetoutf8.cpp">
      <Filter>Source Files</Filter>
    </ClCompile>
    <ClCompile Include="xdrchflt.cpp">
      <Filter>Source Files</Filter>
    </ClCompile>
    <ClCompile Include="xdsmplflt.cpp">
      <Filter>Source Files</Filter>
    </ClCompile>
    <ClCompile Include="xdstrmflt.cpp">
      <Filter>Source Files</Filter>
    </ClCompile>
  </ItemGroup>
</Project>