<?xml version="1.0" encoding="utf-8"?>
<Project ToolsVersion="4.0" xmlns="http://schemas.microsoft.com/developer/msbuild/2003">
  <ItemGroup>
    <Filter Include="Source Files">
      <Extensions>cpp;c;cc;cxx;def;odl;idl;hpj;bat;asm;asmx;*</Extensions>
      <UniqueIdentifier>{9D259E56-FF93-4ED4-B79E-BE9390D6F96E}</UniqueIdentifier>
    </Filter>
    <Filter Include="Header Files">
      <Extensions>h;hpp;hxx;hm;inl;inc;xsd</Extensions>
      <UniqueIdentifier>{2D6DC915-1942-425E-87CD-DC9F26064AED}</UniqueIdentifier>
    </Filter>
    <Filter Include="Resource Files">
      <Extensions>rc;ico;cur;bmp;dlg;rc2;rct;bin;rgs;gif;jpg;jpeg;jpe;resx;tiff;tif;png;wav;mfcribbon-ms;man;xml</Extensions>
      <UniqueIdentifier>{2DBFC871-0321-474E-ACAA-EF309426BBED}</UniqueIdentifier>
    </Filter>
    <Filter Include="Driver Files">
      <Extensions>inf;inv;inx;mof;mc;</Extensions>
      <UniqueIdentifier>{8493E657-4501-41D4-8F6A-B7527F30AA2D}</UniqueIdentifier>
    </Filter>
  </ItemGroup>
  <ItemGroup>
    <ClCompile Include="..\adapter.c">
      <Filter>Source Files</Filter>
    </ClCompile>
    <ClCompile Include="..\ctrlpath.c">
      <Filter>Source Files</Filter>
    </ClCompile>
    <ClCompile Include="..\datapath.c">
      <Filter>Source Files</Filter>
    </ClCompile>
    <ClCompile Include="..\miniport.c">
      <Filter>Source Files</Filter>
    </ClCompile>
    <ClCompile Include="..\mphal.c">
      <Filter>Source Files</Filter>
    </ClCompile>
    <ClCompile Include="..\qos.c">
      <Filter>Source Files</Filter>
    </ClCompile>
    <ClCompile Include="..\tcbrcb.c">
      <Filter>Source Files</Filter>
    </ClCompile>
    <ClCompile Include="..\vmq.c">
      <Filter>Source Files</Filter>
    </ClCompile>
  </ItemGroup>
  <ItemGroup>
    <ResourceCompile Include="netvmini630.rc">
      <Filter>Resource Files</Filter>
    </ResourceCompile>
  </ItemGroup>
</Project>