<?xml version="1.0" encoding="utf-8"?>
<Project ToolsVersion="4.0" xmlns="http://schemas.microsoft.com/developer/msbuild/2003">
  <ItemGroup>
    <Filter Include="Source Files">
      <Extensions>cpp;c;cc;cxx;def;odl;idl;hpj;bat;asm;asmx;*</Extensions>
      <UniqueIdentifier>{CFF33BBA-FC87-4E95-B9C5-476E1462EEBF}</UniqueIdentifier>
    </Filter>
    <Filter Include="Header Files">
      <Extensions>h;hpp;hxx;hm;inl;inc;xsd</Extensions>
      <UniqueIdentifier>{9BFF3627-E67C-4BAB-A7A6-BCE2D1B5C993}</UniqueIdentifier>
    </Filter>
    <Filter Include="Resource Files">
      <Extensions>rc;ico;cur;bmp;dlg;rc2;rct;bin;rgs;gif;jpg;jpeg;jpe;resx;tiff;tif;png;wav;mfcribbon-ms;man;xml</Extensions>
      <UniqueIdentifier>{87727098-2810-47BA-A965-219906793BC2}</UniqueIdentifier>
    </Filter>
  </ItemGroup>
  <ItemGroup>
    <ClCompile Include="command.cpp">
      <Filter>Source Files</Filter>
    </ClCompile>
    <ClCompile Include="ddihook.cpp">
      <Filter>Source Files</Filter>
    </ClCompile>
    <ClCompile Include="devmode.cpp">
      <Filter>Source Files</Filter>
    </ClCompile>
    <ClCompile Include="dllentry.cpp">
      <Filter>Source Files</Filter>
    </ClCompile>
    <ClCompile Include="intrface.cpp">
      <Filter>Source Files</Filter>
    </ClCompile>
    <ClCompile Include="precompsrc.cpp">
      <Filter>Source Files</Filter>
    </ClCompile>
  </ItemGroup>
  <ItemGroup>
    <ClInclude Include="command.h">
      <Filter>Header Files</Filter>
    </ClInclude>
    <ClInclude Include="debug.h" />
    <ClInclude Include="devmode.h" />
    <ClInclude Include="intrface.h" />
    <ClInclude Include="oemps.h" />
    <ClInclude Include="precomp.h" />
    <ClInclude Include="resource.h" />
    <ClInclude Include="command.h">
      <Filter>Header Files</Filter>
    </ClInclude>
    <ClInclude Include="debug.h" />
    <ClInclude Include="devmode.h" />
    <ClInclude Include="intrface.h" />
    <ClInclude Include="oemps.h" />
    <ClInclude Include="precomp.h" />
    <ClInclude Include="resource.h" />
    <ClInclude Include="command.h">
      <Filter>Header Files</Filter>
    </ClInclude>
    <ClInclude Include="debug.h" />
    <ClInclude Include="devmode.h" />
    <ClInclude Include="intrface.h" />
    <ClInclude Include="oemps.h" />
    <ClInclude Include="precomp.h" />
    <ClInclude Include="resource.h" />
    <ClInclude Include="command.h">
      <Filter>Header Files</Filter>
    </ClInclude>
    <ClInclude Include="debug.h" />
    <ClInclude Include="devmode.h" />
    <ClInclude Include="intrface.h" />
    <ClInclude Include="oemps.h" />
    <ClInclude Include="precomp.h" />
    <ClInclude Include="resource.h" />
    <ClInclude Include="command.h">
      <Filter>Header Files</Filter>
    </ClInclude>
    <ClInclude Include="debug.h" />
    <ClInclude Include="devmode.h" />
    <ClInclude Include="intrface.h" />
    <ClInclude Include="oemps.h" />
    <ClInclude Include="precomp.h" />
    <ClInclude Include="resource.h" />
    <ClInclude Include="command.h">
      <Filter>Header Files</Filter>
    </ClInclude>
    <ClInclude Include="debug.h" />
    <ClInclude Include="devmode.h" />
    <ClInclude Include="intrface.h" />
    <ClInclude Include="oemps.h" />
    <ClInclude Include="precomp.h" />
    <ClInclude Include="resource.h" />
    <ClInclude Include="command.h">
      <Filter>Header Files</Filter>
    </ClInclude>
    <ClInclude Include="debug.h" />
    <ClInclude Include="devmode.h" />
    <ClInclude Include="intrface.h" />
    <ClInclude Include="oemps.h" />
    <ClInclude Include="precomp.h" />
    <ClInclude Include="resource.h" />
    <ClInclude Include="command.h">
      <Filter>Header Files</Filter>
    </ClInclude>
    <ClInclude Include="debug.h" />
    <ClInclude Include="devmode.h" />
    <ClInclude Include="intrface.h" />
    <ClInclude Include="oemps.h" />
    <ClInclude Include="precomp.h" />
    <ClInclude Include="resource.h" />
    <ClInclude Include="command.h">
      <Filter>Header Files</Filter>
    </ClInclude>
    <ClInclude Include="debug.h" />
    <ClInclude Include="devmode.h" />
    <ClInclude Include="intrface.h" />
    <ClInclude Include="oemps.h" />
    <ClInclude Include="precomp.h" />
    <ClInclude Include="resource.h" />
    <ClInclude Include="command.h">
      <Filter>Header Files</Filter>
    </ClInclude>
    <ClInclude Include="debug.h" />
    <ClInclude Include="devmode.h" />
    <ClInclude Include="intrface.h" />
    <ClInclude Include="oemps.h" />
    <ClInclude Include="precomp.h" />
    <ClInclude Include="resource.h" />
    <ClInclude Include="command.h">
      <Filter>Header Files</Filter>
    </ClInclude>
    <ClInclude Include="debug.h" />
    <ClInclude Include="devmode.h" />
    <ClInclude Include="intrface.h" />
    <ClInclude Include="oemps.h" />
    <ClInclude Include="precomp.h" />
    <ClInclude Include="resource.h" />
    <ClInclude Include="command.h">
      <Filter>Header Files</Filter>
    </ClInclude>
    <ClInclude Include="debug.h" />
    <ClInclude Include="devmode.h" />
    <ClInclude Include="intrface.h" />
    <ClInclude Include="oemps.h" />
    <ClInclude Include="precomp.h" />
    <ClInclude Include="resource.h" />
    <ClInclude Include="command.h">
      <Filter>Header Files</Filter>
    </ClInclude>
    <ClInclude Include="debug.h" />
    <ClInclude Include="devmode.h" />
    <ClInclude Include="intrface.h" />
    <ClInclude Include="oemps.h" />
    <ClInclude Include="precomp.h" />
    <ClInclude Include="resource.h" />
    <ClInclude Include="command.h">
      <Filter>Header Files</Filter>
    </ClInclude>
    <ClInclude Include="debug.h" />
    <ClInclude Include="devmode.h" />
    <ClInclude Include="intrface.h" />
    <ClInclude Include="oemps.h" />
    <ClInclude Include="precomp.h" />
    <ClInclude Include="resource.h" />
    <ClInclude Include="command.h">
      <Filter>Header Files</Filter>
    </ClInclude>
    <ClInclude Include="debug.h" />
    <ClInclude Include="devmode.h" />
    <ClInclude Include="intrface.h" />
    <ClInclude Include="oemps.h" />
    <ClInclude Include="precomp.h" />
    <ClInclude Include="resource.h" />
    <ClInclude Include="command.h">
      <Filter>Header Files</Filter>
    </ClInclude>
    <ClInclude Include="debug.h" />
    <ClInclude Include="devmode.h" />
    <ClInclude Include="intrface.h" />
    <ClInclude Include="oemps.h" />
    <ClInclude Include="precomp.h" />
    <ClInclude Include="resource.h" />
    <ClInclude Include="command.h">
      <Filter>Header Files</Filter>
    </ClInclude>
    <ClInclude Include="debug.h" />
    <ClInclude Include="devmode.h" />
    <ClInclude Include="intrface.h" />
    <ClInclude Include="oemps.h" />
    <ClInclude Include="precomp.h" />
    <ClInclude Include="resource.h" />
    <ClInclude Include="command.h">
      <Filter>Header Files</Filter>
    </ClInclude>
    <ClInclude Include="debug.h" />
    <ClInclude Include="devmode.h" />
    <ClInclude Include="intrface.h" />
    <ClInclude Include="oemps.h" />
    <ClInclude Include="precomp.h" />
    <ClInclude Include="resource.h" />
    <ClInclude Include="command.h">
      <Filter>Header Files</Filter>
    </ClInclude>
    <ClInclude Include="debug.h" />
    <ClInclude Include="devmode.h" />
    <ClInclude Include="intrface.h" />
    <ClInclude Include="oemps.h" />
    <ClInclude Include="precomp.h" />
    <ClInclude Include="resource.h" />
  </ItemGroup>
  <ItemGroup>
    <ResourceCompile Include="oemps.rc">
      <Filter>Resource Files</Filter>
    </ResourceCompile>
  </ItemGroup>
  <ItemGroup>
    <None Include="oemps.def">
      <Filter>Source Files</Filter>
    </None>
  </ItemGroup>
</Project>