
Microsoft Visual Studio Solution File, Format Version 12.00
# Visual Studio 2013
VisualStudioVersion = 12.0
MinimumVisualStudioVersion = 12.0
Project("{2150E333-8FDC-42A3-9474-1A3956D46DE8}") = "Exe", "Exe", "{49A076C1-4A83-4A1D-9D0B-71543A6621D0}"
EndProject
Project("{2150E333-8FDC-42A3-9474-1A3956D46DE8}") = "Driver", "Driver", "{B3E94C51-B2D9-4787-95EF-4E9DFDEE5A6E}"
EndProject
Project("{2150E333-8FDC-42A3-9474-1A3956D46DE8}") = "Sys", "Sys", "{4305B583-BDD8-4C8B-BA67-EAD701F97A92}"
EndProject
Project("{8BC9CEB8-8B4A-11D0-8D11-00A0C91BC942}") = "usbsamp", "exe\usbsamp.vcxproj", "{82B15C8E-818A-41C0-AE62-1AEA7270E8B6}"
EndProject
Project("{8BC9CEB8-8B4A-11D0-8D11-00A0C91BC942}") = "usbsamp", "sys\driver\usbsamp.vcxproj", "{6395CFC7-A0E1-40D8-A744-D1DC7B6513BA}"
EndProject
Global
	GlobalSection(SolutionConfigurationPlatforms) = preSolution
		Debug|Win32 = Debug|Win32
		Release|Win32 = Release|Win32
		Debug|x64 = Debug|x64
		Release|x64 = Release|x64
	EndGlobalSection
	GlobalSection(ProjectConfigurationPlatforms) = postSolution
		{82B15C8E-818A-41C0-AE62-1AEA7270E8B6}.Debug|Win32.ActiveCfg = Debug|Win32
		{82B15C8E-818A-41C0-AE62-1AEA7270E8B6}.Debug|Win32.Build.0 = Debug|Win32
		{82B15C8E-818A-41C0-AE62-1AEA7270E8B6}.Release|Win32.ActiveCfg = Release|Win32
		{82B15C8E-818A-41C0-AE62-1AEA7270E8B6}.Release|Win32.Build.0 = Release|Win32
		{82B15C8E-818A-41C0-AE62-1AEA7270E8B6}.Debug|x64.ActiveCfg = Debug|x64
		{82B15C8E-818A-41C0-AE62-1AEA7270E8B6}.Debug|x64.Build.0 = Debug|x64
		{82B15C8E-818A-41C0-AE62-1AEA7270E8B6}.Release|x64.ActiveCfg = Release|x64
		{82B15C8E-818A-41C0-AE62-1AEA7270E8B6}.Release|x64.Build.0 = Release|x64
		{6395CFC7-A0E1-40D8-A744-D1DC7B6513BA}.Debug|Win32.ActiveCfg = Debug|Win32
		{6395CFC7-A0E1-40D8-A744-D1DC7B6513BA}.Debug|Win32.Build.0 = Debug|Win32
		{6395CFC7-A0E1-40D8-A744-D1DC7B6513BA}.Release|Win32.ActiveCfg = Release|Win32
		{6395CFC7-A0E1-40D8-A744-D1DC7B6513BA}.Release|Win32.Build.0 = Release|Win32
		{6395CFC7-A0E1-40D8-A744-D1DC7B6513BA}.Debug|x64.ActiveCfg = Debug|x64
		{6395CFC7-A0E1-40D8-A744-D1DC7B6513BA}.Debug|x64.Build.0 = Debug|x64
		{6395CFC7-A0E1-40D8-A744-D1DC7B6513BA}.Release|x64.ActiveCfg = Release|x64
		{6395CFC7-A0E1-40D8-A744-D1DC7B6513BA}.Release|x64.Build.0 = Release|x64
	EndGlobalSection
	GlobalSection(SolutionProperties) = preSolution
		HideSolutionNode = FALSE
	EndGlobalSection
	GlobalSection(NestedProjects) = preSolution
		{82B15C8E-818A-41C0-AE62-1AEA7270E8B6} = {49A076C1-4A83-4A1D-9D0B-71543A6621D0}
		{6395CFC7-A0E1-40D8-A744-D1DC7B6513BA} = {B3E94C51-B2D9-4787-95EF-4E9DFDEE5A6E}
		{B3E94C51-B2D9-4787-95EF-4E9DFDEE5A6E} = {4305B583-BDD8-4C8B-BA67-EAD701F97A92}
	EndGlobalSection
EndGlobal
