
Microsoft Visual Studio Solution File, Format Version 12.00
# Visual Studio 2013
VisualStudioVersion = 12.0
MinimumVisualStudioVersion = 12.0
Project("{2150E333-8FDC-42A3-9474-1A3956D46DE8}") = "Exe", "Exe", "{80AD724E-BFE1-47E0-B6FA-E932D5FCEB30}"
EndProject
Project("{2150E333-8FDC-42A3-9474-1A3956D46DE8}") = "Driver", "Driver", "{DF74B27B-D7BB-46F6-823D-45F57C939E3F}"
EndProject
Project("{2150E333-8FDC-42A3-9474-1A3956D46DE8}") = "Sys", "Sys", "{3049F8D5-4880-4493-A013-918EF97E262F}"
EndProject
Project("{8BC9CEB8-8B4A-11D0-8D11-00A0C91BC942}") = "usbsamp", "exe\usbsamp.vcxproj", "{623636B5-DD4A-4473-93C4-7F548F4F661C}"
EndProject
Project("{8BC9CEB8-8B4A-11D0-8D11-00A0C91BC942}") = "usbsamp", "sys\driver\usbsamp.vcxproj", "{EA4EE96E-A970-43CE-A269-514909A10BAB}"
EndProject
Global
	GlobalSection(SolutionConfigurationPlatforms) = preSolution
		Debug|ARM64 = Debug|ARM64
		Release|ARM64 = Release|ARM64
		Debug|x64 = Debug|x64
		Release|x64 = Release|x64
	EndGlobalSection
	GlobalSection(ProjectConfigurationPlatforms) = postSolution
		{623636B5-DD4A-4473-93C4-7F548F4F661C}.Debug|ARM64.ActiveCfg = Debug|ARM64
		{623636B5-DD4A-4473-93C4-7F548F4F661C}.Debug|ARM64.Build.0 = Debug|ARM64
		{EA4EE96E-A970-43CE-A269-514909A10BAB}.Debug|ARM64.ActiveCfg = Debug|ARM64
		{EA4EE96E-A970-43CE-A269-514909A10BAB}.Debug|ARM64.Build.0 = Debug|ARM64
		{623636B5-DD4A-4473-93C4-7F548F4F661C}.Release|ARM64.ActiveCfg = Release|ARM64
		{623636B5-DD4A-4473-93C4-7F548F4F661C}.Release|ARM64.Build.0 = Release|ARM64
		{EA4EE96E-A970-43CE-A269-514909A10BAB}.Release|ARM64.ActiveCfg = Release|ARM64
		{EA4EE96E-A970-43CE-A269-514909A10BAB}.Release|ARM64.Build.0 = Release|ARM64
		{623636B5-DD4A-4473-93C4-7F548F4F661C}.Debug|x64.ActiveCfg = Debug|x64
		{623636B5-DD4A-4473-93C4-7F548F4F661C}.Debug|x64.Build.0 = Debug|x64
		{623636B5-DD4A-4473-93C4-7F548F4F661C}.Release|x64.ActiveCfg = Release|x64
		{623636B5-DD4A-4473-93C4-7F548F4F661C}.Release|x64.Build.0 = Release|x64
		{EA4EE96E-A970-43CE-A269-514909A10BAB}.Debug|x64.ActiveCfg = Debug|x64
		{EA4EE96E-A970-43CE-A269-514909A10BAB}.Debug|x64.Build.0 = Debug|x64
		{EA4EE96E-A970-43CE-A269-514909A10BAB}.Release|x64.ActiveCfg = Release|x64
		{EA4EE96E-A970-43CE-A269-514909A10BAB}.Release|x64.Build.0 = Release|x64
	EndGlobalSection
	GlobalSection(SolutionProperties) = preSolution
		HideSolutionNode = FALSE
	EndGlobalSection
	GlobalSection(NestedProjects) = preSolution
		{623636B5-DD4A-4473-93C4-7F548F4F661C} = {80AD724E-BFE1-47E0-B6FA-E932D5FCEB30}
		{EA4EE96E-A970-43CE-A269-514909A10BAB} = {DF74B27B-D7BB-46F6-823D-45F57C939E3F}
		{DF74B27B-D7BB-46F6-823D-45F57C939E3F} = {3049F8D5-4880-4493-A013-918EF97E262F}
	EndGlobalSection
EndGlobal
