
Microsoft Visual Studio Solution File, Format Version 12.00
# Visual Studio 14
VisualStudioVersion = 14.0.25420.1
MinimumVisualStudioVersion = 12.0
Project("{2150E333-8FDC-42A3-9474-1A3956D46DE8}") = "Miniport", "Miniport", "{E3F88200-7D31-4C70-97A6-83885195E581}"
EndProject
Project("{2150E333-8FDC-42A3-9474-1A3956D46DE8}") = "Test", "Test", "{420587AA-51DE-4966-B692-C428836BF8B2}"
EndProject
Project("{8BC9CEB8-8B4A-11D0-8D11-00A0C91BC942}") = "TrEEMiniportSample", "Miniport\TrEEMiniportSample.vcxproj", "{C1B22B3C-BE1A-40CE-82D0-8AE1628C297C}"
EndProject
Global
	GlobalSection(SolutionConfigurationPlatforms) = preSolution
		Debug|ARM64 = Debug|ARM64
		Release|ARM64 = Release|ARM64
		Debug|x64 = Debug|x64
		Release|x64 = Release|x64
	EndGlobalSection
	GlobalSection(ProjectConfigurationPlatforms) = postSolution
		{420587AA-51DE-4966-B692-C428836BF8B2}.Debug|ARM64.ActiveCfg = Debug|ARM64
		{420587AA-51DE-4966-B692-C428836BF8B2}.Debug|ARM64.Build.0 = Debug|ARM64
		{C1B22B3C-BE1A-40CE-82D0-8AE1628C297C}.Debug|ARM64.ActiveCfg = Debug|ARM64
		{C1B22B3C-BE1A-40CE-82D0-8AE1628C297C}.Debug|ARM64.Build.0 = Debug|ARM64
		{420587AA-51DE-4966-B692-C428836BF8B2}.Release|ARM64.ActiveCfg = Release|ARM64
		{420587AA-51DE-4966-B692-C428836BF8B2}.Release|ARM64.Build.0 = Release|ARM64
		{C1B22B3C-BE1A-40CE-82D0-8AE1628C297C}.Release|ARM64.ActiveCfg = Release|ARM64
		{C1B22B3C-BE1A-40CE-82D0-8AE1628C297C}.Release|ARM64.Build.0 = Release|ARM64
		{C1B22B3C-BE1A-40CE-82D0-8AE1628C297C}.Debug|x64.ActiveCfg = Debug|x64
		{C1B22B3C-BE1A-40CE-82D0-8AE1628C297C}.Debug|x64.Build.0 = Debug|x64
		{C1B22B3C-BE1A-40CE-82D0-8AE1628C297C}.Release|x64.ActiveCfg = Release|x64
		{C1B22B3C-BE1A-40CE-82D0-8AE1628C297C}.Release|x64.Build.0 = Release|x64
	EndGlobalSection
	GlobalSection(SolutionProperties) = preSolution
		HideSolutionNode = FALSE
	EndGlobalSection
	GlobalSection(NestedProjects) = preSolution
		{C1B22B3C-BE1A-40CE-82D0-8AE1628C297C} = {E3F88200-7D31-4C70-97A6-83885195E581}
	EndGlobalSection
EndGlobal
