<?xml version="1.0" encoding="utf-8"?>
<Project ToolsVersion="4.0" xmlns="http://schemas.microsoft.com/developer/msbuild/2003">
  <ItemGroup>
    <Filter Include="Source Files">
      <Extensions>cpp;c;cc;cxx;def;odl;idl;hpj;bat;asm;asmx;*</Extensions>
      <UniqueIdentifier>{BB88F7B9-FEE7-4A81-BF8E-B5660FC419B0}</UniqueIdentifier>
    </Filter>
    <Filter Include="Header Files">
      <Extensions>h;hpp;hxx;hm;inl;inc;xsd</Extensions>
      <UniqueIdentifier>{B0674E26-B054-4482-B925-109A349CB29C}</UniqueIdentifier>
    </Filter>
    <Filter Include="Resource Files">
      <Extensions>rc;ico;cur;bmp;dlg;rc2;rct;bin;rgs;gif;jpg;jpeg;jpe;resx;tiff;tif;png;wav;mfcribbon-ms;man;xml</Extensions>
      <UniqueIdentifier>{E6E18B22-C6BF-4A30-8120-E0706E138F57}</UniqueIdentifier>
    </Filter>
    <Filter Include="Driver Files">
      <Extensions>inf;inv;inx;mof;mc;</Extensions>
      <UniqueIdentifier>{31078238-19E1-4DD5-9F8B-29286B133DF4}</UniqueIdentifier>
    </Filter>
  </ItemGroup>
  <ItemGroup>
    <ClCompile Include="..\debug.c">
      <Filter>Source Files</Filter>
    </ClCompile>
    <ClCompile Include="..\ExCallbk.c">
      <Filter>Source Files</Filter>
    </ClCompile>
    <ClCompile Include="..\ndisbind.c">
      <Filter>Source Files</Filter>
    </ClCompile>
    <ClCompile Include="..\ntdisp.c">
      <Filter>Source Files</Filter>
    </ClCompile>
    <ClCompile Include="..\recv.c">
      <Filter>Source Files</Filter>
    </ClCompile>
    <ClCompile Include="..\send.c">
      <Filter>Source Files</Filter>
    </ClCompile>
    <ClCompile Include="precompsrc.c">
      <Filter>Source Files</Filter>
    </ClCompile>
  </ItemGroup>
  <ItemGroup>
    <ResourceCompile Include="ndisprot60.rc">
      <Filter>Resource Files</Filter>
    </ResourceCompile>
  </ItemGroup>
</Project>