
Microsoft Visual Studio Solution File, Format Version 12.00
# Visual Studio 2013
VisualStudioVersion = 12.0
MinimumVisualStudioVersion = 12.0
Project("{8BC9CEB8-8B4A-11D0-8D11-00A0C91BC942}") = "simbatt", "simbatt.vcxproj", "{49F35704-9A04-4CCF-A290-BBE79906C901}"
EndProject
Global
	GlobalSection(SolutionConfigurationPlatforms) = preSolution
		Debug|ARM64 = Debug|ARM64
		Release|ARM64 = Release|ARM64
		Debug|x64 = Debug|x64
		Release|x64 = Release|x64
	EndGlobalSection
	GlobalSection(ProjectConfigurationPlatforms) = postSolution
		{49F35704-9A04-4CCF-A290-BBE79906C901}.Debug|ARM64.ActiveCfg = Debug|ARM64
		{49F35704-9A04-4CCF-A290-BBE79906C901}.Debug|ARM64.Build.0 = Debug|ARM64
		{49F35704-9A04-4CCF-A290-BBE79906C901}.Release|ARM64.ActiveCfg = Release|ARM64
		{49F35704-9A04-4CCF-A290-BBE79906C901}.Release|ARM64.Build.0 = Release|ARM64
		{49F35704-9A04-4CCF-A290-BBE79906C901}.Debug|x64.ActiveCfg = Debug|x64
		{49F35704-9A04-4CCF-A290-BBE79906C901}.Debug|x64.Build.0 = Debug|x64
		{49F35704-9A04-4CCF-A290-BBE79906C901}.Release|x64.ActiveCfg = Release|x64
		{49F35704-9A04-4CCF-A290-BBE79906C901}.Release|x64.Build.0 = Release|x64
	EndGlobalSection
	GlobalSection(SolutionProperties) = preSolution
		HideSolutionNode = FALSE
	EndGlobalSection
EndGlobal
