
Microsoft Visual Studio Solution File, Format Version 12.00
# Visual Studio 2013
VisualStudioVersion = 12.0
MinimumVisualStudioVersion = 12.0
Project("{2150E333-8FDC-42A3-9474-1A3956D46DE8}") = "Exe", "Exe", "{2E9AC603-03FE-496D-BC7F-EDAFEE45EAA0}"
EndProject
Project("{2150E333-8FDC-42A3-9474-1A3956D46DE8}") = "Sys", "Sys", "{D904E7F1-482F-4CBD-B7B2-24B01A41D90D}"
EndProject
Project("{8BC9CEB8-8B4A-11D0-8D11-00A0C91BC942}") = "SystemDmaApp", "exe\SystemDmaApp.vcxproj", "{6E5E2ADE-D50C-41DA-ACFB-FBA8151AED01}"
EndProject
Project("{8BC9CEB8-8B4A-11D0-8D11-00A0C91BC942}") = "SDma", "sys\SDma.vcxproj", "{1523D522-CC98-45CD-82A8-8A3CF2B974DC}"
EndProject
Global
	GlobalSection(SolutionConfigurationPlatforms) = preSolution
		Debug|ARM64 = Debug|ARM64
		Release|ARM64 = Release|ARM64
		Debug|x64 = Debug|x64
		Release|x64 = Release|x64
	EndGlobalSection
	GlobalSection(ProjectConfigurationPlatforms) = postSolution
		{6E5E2ADE-D50C-41DA-ACFB-FBA8151AED01}.Debug|ARM64.ActiveCfg = Debug|ARM64
		{6E5E2ADE-D50C-41DA-ACFB-FBA8151AED01}.Debug|ARM64.Build.0 = Debug|ARM64
		{1523D522-CC98-45CD-82A8-8A3CF2B974DC}.Debug|ARM64.ActiveCfg = Debug|ARM64
		{1523D522-CC98-45CD-82A8-8A3CF2B974DC}.Debug|ARM64.Build.0 = Debug|ARM64
		{6E5E2ADE-D50C-41DA-ACFB-FBA8151AED01}.Release|ARM64.ActiveCfg = Release|ARM64
		{6E5E2ADE-D50C-41DA-ACFB-FBA8151AED01}.Release|ARM64.Build.0 = Release|ARM64
		{1523D522-CC98-45CD-82A8-8A3CF2B974DC}.Release|ARM64.ActiveCfg = Release|ARM64
		{1523D522-CC98-45CD-82A8-8A3CF2B974DC}.Release|ARM64.Build.0 = Release|ARM64
		{6E5E2ADE-D50C-41DA-ACFB-FBA8151AED01}.Debug|x64.ActiveCfg = Debug|x64
		{6E5E2ADE-D50C-41DA-ACFB-FBA8151AED01}.Debug|x64.Build.0 = Debug|x64
		{6E5E2ADE-D50C-41DA-ACFB-FBA8151AED01}.Release|x64.ActiveCfg = Release|x64
		{6E5E2ADE-D50C-41DA-ACFB-FBA8151AED01}.Release|x64.Build.0 = Release|x64
		{1523D522-CC98-45CD-82A8-8A3CF2B974DC}.Debug|x64.ActiveCfg = Debug|x64
		{1523D522-CC98-45CD-82A8-8A3CF2B974DC}.Debug|x64.Build.0 = Debug|x64
		{1523D522-CC98-45CD-82A8-8A3CF2B974DC}.Release|x64.ActiveCfg = Release|x64
		{1523D522-CC98-45CD-82A8-8A3CF2B974DC}.Release|x64.Build.0 = Release|x64
	EndGlobalSection
	GlobalSection(SolutionProperties) = preSolution
		HideSolutionNode = FALSE
	EndGlobalSection
	GlobalSection(NestedProjects) = preSolution
		{6E5E2ADE-D50C-41DA-ACFB-FBA8151AED01} = {2E9AC603-03FE-496D-BC7F-EDAFEE45EAA0}
		{1523D522-CC98-45CD-82A8-8A3CF2B974DC} = {D904E7F1-482F-4CBD-B7B2-24B01A41D90D}
	EndGlobalSection
EndGlobal
