
Microsoft Visual Studio Solution File, Format Version 12.00
# Visual Studio 2013
VisualStudioVersion = 12.0
MinimumVisualStudioVersion = 12.0
Project("{2150E333-8FDC-42A3-9474-1A3956D46DE8}") = "App", "App", "{F0B333C5-FFAD-425B-8064-EB950E9718B8}"
EndProject
Project("{2150E333-8FDC-42A3-9474-1A3956D46DE8}") = "Lib", "Lib", "{24B27C7D-03C0-4286-8250-57110C794853}"
EndProject
Project("{2150E333-8FDC-42A3-9474-1A3956D46DE8}") = "MultiComp", "MultiComp", "{36BE1DCF-A58E-45E4-B458-3640AA1FBCC1}"
EndProject
Project("{2150E333-8FDC-42A3-9474-1A3956D46DE8}") = "Driver", "Driver", "{2F266524-ED06-4654-BCFB-DBB9FE440BD7}"
EndProject
Project("{2150E333-8FDC-42A3-9474-1A3956D46DE8}") = "Driver", "Driver", "{8CA441A3-D099-4853-9D9D-3AE4DCBEC7E8}"
EndProject
Project("{2150E333-8FDC-42A3-9474-1A3956D46DE8}") = "SingleComp", "SingleComp", "{18E8D511-CACD-410E-8791-41511E36F2D5}"
EndProject
Project("{8BC9CEB8-8B4A-11D0-8D11-00A0C91BC942}") = "PowerFxApp", "App\PowerFxApp.vcxproj", "{3E233D0A-F988-4C9D-B15A-49B54025E11F}"
EndProject
Project("{8BC9CEB8-8B4A-11D0-8D11-00A0C91BC942}") = "WdfPoFx", "Driver\MultiComp\lib\WdfPoFx.vcxproj", "{21F832DD-6A4C-4E5F-941E-15BF98CE4137}"
EndProject
Project("{8BC9CEB8-8B4A-11D0-8D11-00A0C91BC942}") = "WdfMultiComp", "Driver\MultiComp\driver\WdfMultiComp.vcxproj", "{45DBDC5F-2109-432B-8149-29D3693D57E1}"
	ProjectSection(ProjectDependencies) = postProject
		{21F832DD-6A4C-4E5F-941E-15BF98CE4137} = {21F832DD-6A4C-4E5F-941E-15BF98CE4137}
	EndProjectSection
EndProject
Project("{8BC9CEB8-8B4A-11D0-8D11-00A0C91BC942}") = "SingleComponentFStateDriver", "Driver\SingleComp\SingleComponentFStateDriver.vcxproj", "{17F25816-A09C-44DF-99A3-16D0FF5FCD66}"
EndProject
Global
	GlobalSection(SolutionConfigurationPlatforms) = preSolution
		Debug|Win32 = Debug|Win32
		Release|Win32 = Release|Win32
		Debug|x64 = Debug|x64
		Release|x64 = Release|x64
	EndGlobalSection
	GlobalSection(ProjectConfigurationPlatforms) = postSolution
		{3E233D0A-F988-4C9D-B15A-49B54025E11F}.Debug|Win32.ActiveCfg = Debug|Win32
		{3E233D0A-F988-4C9D-B15A-49B54025E11F}.Debug|Win32.Build.0 = Debug|Win32
		{3E233D0A-F988-4C9D-B15A-49B54025E11F}.Release|Win32.ActiveCfg = Release|Win32
		{3E233D0A-F988-4C9D-B15A-49B54025E11F}.Release|Win32.Build.0 = Release|Win32
		{3E233D0A-F988-4C9D-B15A-49B54025E11F}.Debug|x64.ActiveCfg = Debug|x64
		{3E233D0A-F988-4C9D-B15A-49B54025E11F}.Debug|x64.Build.0 = Debug|x64
		{3E233D0A-F988-4C9D-B15A-49B54025E11F}.Release|x64.ActiveCfg = Release|x64
		{3E233D0A-F988-4C9D-B15A-49B54025E11F}.Release|x64.Build.0 = Release|x64
		{21F832DD-6A4C-4E5F-941E-15BF98CE4137}.Debug|Win32.ActiveCfg = Debug|Win32
		{21F832DD-6A4C-4E5F-941E-15BF98CE4137}.Debug|Win32.Build.0 = Debug|Win32
		{21F832DD-6A4C-4E5F-941E-15BF98CE4137}.Release|Win32.ActiveCfg = Release|Win32
		{21F832DD-6A4C-4E5F-941E-15BF98CE4137}.Release|Win32.Build.0 = Release|Win32
		{21F832DD-6A4C-4E5F-941E-15BF98CE4137}.Debug|x64.ActiveCfg = Debug|x64
		{21F832DD-6A4C-4E5F-941E-15BF98CE4137}.Debug|x64.Build.0 = Debug|x64
		{21F832DD-6A4C-4E5F-941E-15BF98CE4137}.Release|x64.ActiveCfg = Release|x64
		{21F832DD-6A4C-4E5F-941E-15BF98CE4137}.Release|x64.Build.0 = Release|x64
		{45DBDC5F-2109-432B-8149-29D3693D57E1}.Debug|Win32.ActiveCfg = Debug|Win32
		{45DBDC5F-2109-432B-8149-29D3693D57E1}.Debug|Win32.Build.0 = Debug|Win32
		{45DBDC5F-2109-432B-8149-29D3693D57E1}.Release|Win32.ActiveCfg = Release|Win32
		{45DBDC5F-2109-432B-8149-29D3693D57E1}.Release|Win32.Build.0 = Release|Win32
		{45DBDC5F-2109-432B-8149-29D3693D57E1}.Debug|x64.ActiveCfg = Debug|x64
		{45DBDC5F-2109-432B-8149-29D3693D57E1}.Debug|x64.Build.0 = Debug|x64
		{45DBDC5F-2109-432B-8149-29D3693D57E1}.Release|x64.ActiveCfg = Release|x64
		{45DBDC5F-2109-432B-8149-29D3693D57E1}.Release|x64.Build.0 = Release|x64
		{17F25816-A09C-44DF-99A3-16D0FF5FCD66}.Debug|Win32.ActiveCfg = Debug|Win32
		{17F25816-A09C-44DF-99A3-16D0FF5FCD66}.Debug|Win32.Build.0 = Debug|Win32
		{17F25816-A09C-44DF-99A3-16D0FF5FCD66}.Release|Win32.ActiveCfg = Release|Win32
		{17F25816-A09C-44DF-99A3-16D0FF5FCD66}.Release|Win32.Build.0 = Release|Win32
		{17F25816-A09C-44DF-99A3-16D0FF5FCD66}.Debug|x64.ActiveCfg = Debug|x64
		{17F25816-A09C-44DF-99A3-16D0FF5FCD66}.Debug|x64.Build.0 = Debug|x64
		{17F25816-A09C-44DF-99A3-16D0FF5FCD66}.Release|x64.ActiveCfg = Release|x64
		{17F25816-A09C-44DF-99A3-16D0FF5FCD66}.Release|x64.Build.0 = Release|x64
	EndGlobalSection
	GlobalSection(SolutionProperties) = preSolution
		HideSolutionNode = FALSE
	EndGlobalSection
	GlobalSection(NestedProjects) = preSolution
		{3E233D0A-F988-4C9D-B15A-49B54025E11F} = {F0B333C5-FFAD-425B-8064-EB950E9718B8}
		{21F832DD-6A4C-4E5F-941E-15BF98CE4137} = {24B27C7D-03C0-4286-8250-57110C794853}
		{45DBDC5F-2109-432B-8149-29D3693D57E1} = {8CA441A3-D099-4853-9D9D-3AE4DCBEC7E8}
		{17F25816-A09C-44DF-99A3-16D0FF5FCD66} = {18E8D511-CACD-410E-8791-41511E36F2D5}
		{24B27C7D-03C0-4286-8250-57110C794853} = {36BE1DCF-A58E-45E4-B458-3640AA1FBCC1}
		{36BE1DCF-A58E-45E4-B458-3640AA1FBCC1} = {2F266524-ED06-4654-BCFB-DBB9FE440BD7}
		{8CA441A3-D099-4853-9D9D-3AE4DCBEC7E8} = {36BE1DCF-A58E-45E4-B458-3640AA1FBCC1}
		{18E8D511-CACD-410E-8791-41511E36F2D5} = {2F266524-ED06-4654-BCFB-DBB9FE440BD7}
	EndGlobalSection
EndGlobal
